{
  "version": 4,
  "terraform_version": "1.7.5",
  "serial": 92,
  "lineage": "bb6ac56b-b8e1-5dd0-7aaf-2a161cd51020",
  "outputs": {},
  "resources": [
    {
      "module": "module.Ecr_repo",
      "mode": "managed",
      "type": "aws_ecr_repository",
      "name": "satyam_project",
      "provider": "provider[\"registry.terraform.io/hashicorp/aws\"]",
      "instances": [
        {
          "schema_version": 0,
          "attributes": {
            "arn": "arn:aws:ecr:ap-south-1:637423557273:repository/satyam_project",
            "encryption_configuration": [
              {
                "encryption_type": "AES256",
                "kms_key": ""
              }
            ],
            "force_delete": null,
            "id": "satyam_project",
            "image_scanning_configuration": [
              {
                "scan_on_push": false
              }
            ],
            "image_tag_mutability": "MUTABLE",
            "name": "satyam_project",
            "registry_id": "637423557273",
            "repository_url": "637423557273.dkr.ecr.ap-south-1.amazonaws.com/satyam_project",
            "tags": null,
            "tags_all": {},
            "timeouts": null
          },
          "sensitive_attributes": [],
          "private": "eyJlMmJmYjczMC1lY2FhLTExZTYtOGY4OC0zNDM2M2JjN2M0YzAiOnsiZGVsZXRlIjoxMjAwMDAwMDAwMDAwfX0=",
          "create_before_destroy": true
        }
      ]
    },
    {
      "module": "module.Lambda_function",
      "mode": "managed",
      "type": "aws_iam_policy",
      "name": "satyam_DynamoDb_access_policy",
      "provider": "provider[\"registry.terraform.io/hashicorp/aws\"]",
      "instances": [
        {
          "schema_version": 0,
          "attributes": {
            "arn": "arn:aws:iam::637423557273:policy/satyam_DynamoDb_access_policy",
            "description": "Policy for granting Lambda access to DyanmoDb Table",
            "id": "arn:aws:iam::637423557273:policy/satyam_DynamoDb_access_policy",
            "name": "satyam_DynamoDb_access_policy",
            "name_prefix": "",
            "path": "/",
            "policy": "{\"Statement\":[{\"Action\":[\"dynamodb:*\"],\"Effect\":\"Allow\",\"Resource\":\"*\"}],\"Version\":\"2012-10-17\"}",
            "policy_id": "ANPAZI2LHTKMYWOFVHUTG",
            "tags": null,
            "tags_all": {}
          },
          "sensitive_attributes": [],
          "private": "bnVsbA=="
        }
      ]
    },
    {
      "module": "module.Lambda_function",
      "mode": "managed",
      "type": "aws_iam_policy",
      "name": "satyam_cloudwatch_logs_policy",
      "provider": "provider[\"registry.terraform.io/hashicorp/aws\"]",
      "instances": [
        {
          "schema_version": 0,
          "attributes": {
            "arn": "arn:aws:iam::637423557273:policy/satyam_cloudwatch_logs_policy",
            "description": "Allows Lambda function to have full access to CloudWatch Logs",
            "id": "arn:aws:iam::637423557273:policy/satyam_cloudwatch_logs_policy",
            "name": "satyam_cloudwatch_logs_policy",
            "name_prefix": "",
            "path": "/",
            "policy": "{\"Statement\":[{\"Action\":\"logs:*\",\"Effect\":\"Allow\",\"Resource\":\"*\"}],\"Version\":\"2012-10-17\"}",
            "policy_id": "ANPAZI2LHTKM6ELFMEIY5",
            "tags": null,
            "tags_all": {}
          },
          "sensitive_attributes": [],
          "private": "bnVsbA=="
        }
      ]
    },
    {
      "module": "module.Lambda_function",
      "mode": "managed",
      "type": "aws_iam_policy",
      "name": "satyam_lambda_ecr_access_policy",
      "provider": "provider[\"registry.terraform.io/hashicorp/aws\"]",
      "instances": [
        {
          "schema_version": 0,
          "attributes": {
            "arn": "arn:aws:iam::637423557273:policy/satyam_lambda_ecr_access_policy",
            "description": "Policy for granting Lambda access to ECR repositories",
            "id": "arn:aws:iam::637423557273:policy/satyam_lambda_ecr_access_policy",
            "name": "satyam_lambda_ecr_access_policy",
            "name_prefix": "",
            "path": "/",
            "policy": "{\"Statement\":[{\"Action\":[\"ecr:GetAuthorizationToken\",\"ecr:BatchCheckLayerAvailability\",\"ecr:GetDownloadUrlForLayer\",\"ecr:GetRepositoryPolicy\",\"ecr:DescribeRepositories\",\"ecr:ListImages\",\"ecr:DescribeImages\",\"ecr:BatchGetImage\"],\"Effect\":\"Allow\",\"Resource\":\"*\"}],\"Version\":\"2012-10-17\"}",
            "policy_id": "ANPAZI2LHTKMUPMZPW2OG",
            "tags": null,
            "tags_all": {}
          },
          "sensitive_attributes": [],
          "private": "bnVsbA=="
        }
      ]
    },
    {
      "module": "module.Lambda_function",
      "mode": "managed",
      "type": "aws_iam_role",
      "name": "satyam_lambda_execution_role",
      "provider": "provider[\"registry.terraform.io/hashicorp/aws\"]",
      "instances": [
        {
          "schema_version": 0,
          "attributes": {
            "arn": "arn:aws:iam::637423557273:role/satyam_lambda_execution_role",
            "assume_role_policy": "{\"Statement\":[{\"Action\":\"sts:AssumeRole\",\"Effect\":\"Allow\",\"Principal\":{\"Service\":\"lambda.amazonaws.com\"}}],\"Version\":\"2012-10-17\"}",
            "create_date": "2024-04-03T12:12:05Z",
            "description": "",
            "force_detach_policies": false,
            "id": "satyam_lambda_execution_role",
            "inline_policy": [],
            "managed_policy_arns": [],
            "max_session_duration": 3600,
            "name": "satyam_lambda_execution_role",
            "name_prefix": "",
            "path": "/",
            "permissions_boundary": "",
            "tags": null,
            "tags_all": {},
            "unique_id": "AROAZI2LHTKM3RTCVG35C"
          },
          "sensitive_attributes": [],
          "private": "bnVsbA==",
          "create_before_destroy": true
        }
      ]
    },
    {
      "module": "module.Lambda_function",
      "mode": "managed",
      "type": "aws_iam_role_policy_attachment",
      "name": "CloudWatch_access_attachment",
      "provider": "provider[\"registry.terraform.io/hashicorp/aws\"]",
      "instances": [
        {
          "schema_version": 0,
          "attributes": {
            "id": "satyam_lambda_execution_role-20240403121206162500000003",
            "policy_arn": "arn:aws:iam::637423557273:policy/satyam_cloudwatch_logs_policy",
            "role": "satyam_lambda_execution_role"
          },
          "sensitive_attributes": [],
          "private": "bnVsbA==",
          "dependencies": [
            "module.Lambda_function.aws_iam_policy.satyam_cloudwatch_logs_policy",
            "module.Lambda_function.aws_iam_role.satyam_lambda_execution_role"
          ]
        }
      ]
    },
    {
      "module": "module.Lambda_function",
      "mode": "managed",
      "type": "aws_iam_role_policy_attachment",
      "name": "DyanmoDb_access_attachment",
      "provider": "provider[\"registry.terraform.io/hashicorp/aws\"]",
      "instances": [
        {
          "schema_version": 0,
          "attributes": {
            "id": "satyam_lambda_execution_role-20240403121206147000000001",
            "policy_arn": "arn:aws:iam::637423557273:policy/satyam_DynamoDb_access_policy",
            "role": "satyam_lambda_execution_role"
          },
          "sensitive_attributes": [],
          "private": "bnVsbA==",
          "dependencies": [
            "module.Lambda_function.aws_iam_policy.satyam_DynamoDb_access_policy",
            "module.Lambda_function.aws_iam_role.satyam_lambda_execution_role"
          ]
        }
      ]
    },
    {
      "module": "module.Lambda_function",
      "mode": "managed",
      "type": "aws_iam_role_policy_attachment",
      "name": "lambda_ecr_access_attachment",
      "provider": "provider[\"registry.terraform.io/hashicorp/aws\"]",
      "instances": [
        {
          "schema_version": 0,
          "attributes": {
            "id": "satyam_lambda_execution_role-20240403121206157100000002",
            "policy_arn": "arn:aws:iam::637423557273:policy/satyam_lambda_ecr_access_policy",
            "role": "satyam_lambda_execution_role"
          },
          "sensitive_attributes": [],
          "private": "bnVsbA==",
          "dependencies": [
            "module.Lambda_function.aws_iam_policy.satyam_lambda_ecr_access_policy",
            "module.Lambda_function.aws_iam_role.satyam_lambda_execution_role"
          ]
        }
      ]
    },
    {
      "module": "module.api_gateway",
      "mode": "managed",
      "type": "aws_api_gateway_method",
      "name": "employee_method",
      "provider": "provider[\"registry.terraform.io/hashicorp/aws\"]",
      "instances": [
        {
          "index_key": 0,
          "schema_version": 0,
          "attributes": {
            "api_key_required": false,
            "authorization": "NONE",
            "authorization_scopes": null,
            "authorizer_id": null,
            "http_method": "GET",
            "id": "agm-m1ee6dajs8-9eqhkn-GET",
            "operation_name": null,
            "request_models": null,
            "request_parameters": null,
            "request_validator_id": null,
            "resource_id": "9eqhkn",
            "rest_api_id": "m1ee6dajs8"
          },
          "sensitive_attributes": [],
          "private": "bnVsbA==",
          "dependencies": [
            "module.api_gateway.aws_api_gateway_resource.employee",
            "module.api_gateway.aws_api_gateway_rest_api.EmployeeInfo"
          ],
          "create_before_destroy": true
        },
        {
          "index_key": 1,
          "schema_version": 0,
          "attributes": {
            "api_key_required": false,
            "authorization": "NONE",
            "authorization_scopes": null,
            "authorizer_id": null,
            "http_method": "POST",
            "id": "agm-m1ee6dajs8-9eqhkn-POST",
            "operation_name": null,
            "request_models": null,
            "request_parameters": null,
            "request_validator_id": null,
            "resource_id": "9eqhkn",
            "rest_api_id": "m1ee6dajs8"
          },
          "sensitive_attributes": [],
          "private": "bnVsbA==",
          "dependencies": [
            "module.api_gateway.aws_api_gateway_resource.employee",
            "module.api_gateway.aws_api_gateway_rest_api.EmployeeInfo"
          ],
          "create_before_destroy": true
        },
        {
          "index_key": 2,
          "schema_version": 0,
          "attributes": {
            "api_key_required": false,
            "authorization": "NONE",
            "authorization_scopes": null,
            "authorizer_id": null,
            "http_method": "DELETE",
            "id": "agm-m1ee6dajs8-9eqhkn-DELETE",
            "operation_name": null,
            "request_models": null,
            "request_parameters": null,
            "request_validator_id": null,
            "resource_id": "9eqhkn",
            "rest_api_id": "m1ee6dajs8"
          },
          "sensitive_attributes": [],
          "private": "bnVsbA==",
          "dependencies": [
            "module.api_gateway.aws_api_gateway_resource.employee",
            "module.api_gateway.aws_api_gateway_rest_api.EmployeeInfo"
          ],
          "create_before_destroy": true
        },
        {
          "index_key": 3,
          "schema_version": 0,
          "attributes": {
            "api_key_required": false,
            "authorization": "NONE",
            "authorization_scopes": null,
            "authorizer_id": null,
            "http_method": "PATCH",
            "id": "agm-m1ee6dajs8-9eqhkn-PATCH",
            "operation_name": null,
            "request_models": null,
            "request_parameters": null,
            "request_validator_id": null,
            "resource_id": "9eqhkn",
            "rest_api_id": "m1ee6dajs8"
          },
          "sensitive_attributes": [],
          "private": "bnVsbA==",
          "dependencies": [
            "module.api_gateway.aws_api_gateway_resource.employee",
            "module.api_gateway.aws_api_gateway_rest_api.EmployeeInfo"
          ],
          "create_before_destroy": true
        },
        {
          "index_key": 4,
          "schema_version": 0,
          "attributes": {
            "api_key_required": false,
            "authorization": "NONE",
            "authorization_scopes": null,
            "authorizer_id": null,
            "http_method": "PUT",
            "id": "agm-m1ee6dajs8-9eqhkn-PUT",
            "operation_name": null,
            "request_models": null,
            "request_parameters": null,
            "request_validator_id": null,
            "resource_id": "9eqhkn",
            "rest_api_id": "m1ee6dajs8"
          },
          "sensitive_attributes": [],
          "private": "bnVsbA==",
          "dependencies": [
            "module.api_gateway.aws_api_gateway_resource.employee",
            "module.api_gateway.aws_api_gateway_rest_api.EmployeeInfo"
          ],
          "create_before_destroy": true
        }
      ]
    },
    {
      "module": "module.api_gateway",
      "mode": "managed",
      "type": "aws_api_gateway_method",
      "name": "employees_method",
      "provider": "provider[\"registry.terraform.io/hashicorp/aws\"]",
      "instances": [
        {
          "index_key": 0,
          "schema_version": 0,
          "attributes": {
            "api_key_required": false,
            "authorization": "NONE",
            "authorization_scopes": null,
            "authorizer_id": null,
            "http_method": "GET",
            "id": "agm-m1ee6dajs8-ahfzca-GET",
            "operation_name": null,
            "request_models": null,
            "request_parameters": null,
            "request_validator_id": null,
            "resource_id": "ahfzca",
            "rest_api_id": "m1ee6dajs8"
          },
          "sensitive_attributes": [],
          "private": "bnVsbA==",
          "dependencies": [
            "module.api_gateway.aws_api_gateway_resource.employees_resource",
            "module.api_gateway.aws_api_gateway_rest_api.EmployeeInfo"
          ],
          "create_before_destroy": true
        }
      ]
    },
    {
      "module": "module.api_gateway",
      "mode": "managed",
      "type": "aws_api_gateway_method",
      "name": "status_method",
      "provider": "provider[\"registry.terraform.io/hashicorp/aws\"]",
      "instances": [
        {
          "index_key": 0,
          "schema_version": 0,
          "attributes": {
            "api_key_required": false,
            "authorization": "NONE",
            "authorization_scopes": null,
            "authorizer_id": null,
            "http_method": "GET",
            "id": "agm-m1ee6dajs8-wty0i3-GET",
            "operation_name": null,
            "request_models": null,
            "request_parameters": null,
            "request_validator_id": null,
            "resource_id": "wty0i3",
            "rest_api_id": "m1ee6dajs8"
          },
          "sensitive_attributes": [],
          "private": "bnVsbA==",
          "dependencies": [
            "module.api_gateway.aws_api_gateway_resource.status",
            "module.api_gateway.aws_api_gateway_rest_api.EmployeeInfo"
          ],
          "create_before_destroy": true
        },
        {
          "index_key": 1,
          "schema_version": 0,
          "attributes": {
            "api_key_required": false,
            "authorization": "NONE",
            "authorization_scopes": null,
            "authorizer_id": null,
            "http_method": "POST",
            "id": "agm-m1ee6dajs8-wty0i3-POST",
            "operation_name": null,
            "request_models": null,
            "request_parameters": null,
            "request_validator_id": null,
            "resource_id": "wty0i3",
            "rest_api_id": "m1ee6dajs8"
          },
          "sensitive_attributes": [],
          "private": "bnVsbA==",
          "dependencies": [
            "module.api_gateway.aws_api_gateway_resource.status",
            "module.api_gateway.aws_api_gateway_rest_api.EmployeeInfo"
          ],
          "create_before_destroy": true
        }
      ]
    },
    {
      "module": "module.api_gateway",
      "mode": "managed",
      "type": "aws_api_gateway_method_response",
      "name": "method_response_employee",
      "provider": "provider[\"registry.terraform.io/hashicorp/aws\"]",
      "instances": [
        {
          "index_key": 0,
          "schema_version": 0,
          "attributes": {
            "http_method": "GET",
            "id": "agmr-m1ee6dajs8-9eqhkn-GET-200",
            "resource_id": "9eqhkn",
            "response_models": null,
            "response_parameters": {
              "method.response.header.Access-Control-Allow-Origin": true
            },
            "rest_api_id": "m1ee6dajs8",
            "status_code": "200"
          },
          "sensitive_attributes": [],
          "private": "bnVsbA==",
          "dependencies": [
            "module.api_gateway.aws_api_gateway_method.employee_method",
            "module.api_gateway.aws_api_gateway_resource.employee",
            "module.api_gateway.aws_api_gateway_rest_api.EmployeeInfo"
          ]
        },
        {
          "index_key": 1,
          "schema_version": 0,
          "attributes": {
            "http_method": "POST",
            "id": "agmr-m1ee6dajs8-9eqhkn-POST-200",
            "resource_id": "9eqhkn",
            "response_models": null,
            "response_parameters": {
              "method.response.header.Access-Control-Allow-Origin": true
            },
            "rest_api_id": "m1ee6dajs8",
            "status_code": "200"
          },
          "sensitive_attributes": [],
          "private": "bnVsbA==",
          "dependencies": [
            "module.api_gateway.aws_api_gateway_method.employee_method",
            "module.api_gateway.aws_api_gateway_resource.employee",
            "module.api_gateway.aws_api_gateway_rest_api.EmployeeInfo"
          ]
        },
        {
          "index_key": 2,
          "schema_version": 0,
          "attributes": {
            "http_method": "DELETE",
            "id": "agmr-m1ee6dajs8-9eqhkn-DELETE-200",
            "resource_id": "9eqhkn",
            "response_models": null,
            "response_parameters": {
              "method.response.header.Access-Control-Allow-Origin": true
            },
            "rest_api_id": "m1ee6dajs8",
            "status_code": "200"
          },
          "sensitive_attributes": [],
          "private": "bnVsbA==",
          "dependencies": [
            "module.api_gateway.aws_api_gateway_method.employee_method",
            "module.api_gateway.aws_api_gateway_resource.employee",
            "module.api_gateway.aws_api_gateway_rest_api.EmployeeInfo"
          ]
        },
        {
          "index_key": 3,
          "schema_version": 0,
          "attributes": {
            "http_method": "PATCH",
            "id": "agmr-m1ee6dajs8-9eqhkn-PATCH-200",
            "resource_id": "9eqhkn",
            "response_models": null,
            "response_parameters": {
              "method.response.header.Access-Control-Allow-Origin": true
            },
            "rest_api_id": "m1ee6dajs8",
            "status_code": "200"
          },
          "sensitive_attributes": [],
          "private": "bnVsbA==",
          "dependencies": [
            "module.api_gateway.aws_api_gateway_method.employee_method",
            "module.api_gateway.aws_api_gateway_resource.employee",
            "module.api_gateway.aws_api_gateway_rest_api.EmployeeInfo"
          ]
        },
        {
          "index_key": 4,
          "schema_version": 0,
          "attributes": {
            "http_method": "PUT",
            "id": "agmr-m1ee6dajs8-9eqhkn-PUT-200",
            "resource_id": "9eqhkn",
            "response_models": null,
            "response_parameters": {
              "method.response.header.Access-Control-Allow-Origin": true
            },
            "rest_api_id": "m1ee6dajs8",
            "status_code": "200"
          },
          "sensitive_attributes": [],
          "private": "bnVsbA==",
          "dependencies": [
            "module.api_gateway.aws_api_gateway_method.employee_method",
            "module.api_gateway.aws_api_gateway_resource.employee",
            "module.api_gateway.aws_api_gateway_rest_api.EmployeeInfo"
          ]
        }
      ]
    },
    {
      "module": "module.api_gateway",
      "mode": "managed",
      "type": "aws_api_gateway_method_response",
      "name": "method_response_employees",
      "provider": "provider[\"registry.terraform.io/hashicorp/aws\"]",
      "instances": [
        {
          "index_key": 0,
          "schema_version": 0,
          "attributes": {
            "http_method": "GET",
            "id": "agmr-m1ee6dajs8-ahfzca-GET-200",
            "resource_id": "ahfzca",
            "response_models": null,
            "response_parameters": {
              "method.response.header.Access-Control-Allow-Origin": true
            },
            "rest_api_id": "m1ee6dajs8",
            "status_code": "200"
          },
          "sensitive_attributes": [],
          "private": "bnVsbA==",
          "dependencies": [
            "module.api_gateway.aws_api_gateway_method.employees_method",
            "module.api_gateway.aws_api_gateway_resource.employees_resource",
            "module.api_gateway.aws_api_gateway_rest_api.EmployeeInfo"
          ]
        }
      ]
    },
    {
      "module": "module.api_gateway",
      "mode": "managed",
      "type": "aws_api_gateway_method_response",
      "name": "method_response_status",
      "provider": "provider[\"registry.terraform.io/hashicorp/aws\"]",
      "instances": [
        {
          "index_key": 0,
          "schema_version": 0,
          "attributes": {
            "http_method": "GET",
            "id": "agmr-m1ee6dajs8-wty0i3-GET-200",
            "resource_id": "wty0i3",
            "response_models": null,
            "response_parameters": {
              "method.response.header.Access-Control-Allow-Origin": true
            },
            "rest_api_id": "m1ee6dajs8",
            "status_code": "200"
          },
          "sensitive_attributes": [],
          "private": "bnVsbA==",
          "dependencies": [
            "module.api_gateway.aws_api_gateway_method.status_method",
            "module.api_gateway.aws_api_gateway_resource.status",
            "module.api_gateway.aws_api_gateway_rest_api.EmployeeInfo"
          ]
        },
        {
          "index_key": 1,
          "schema_version": 0,
          "attributes": {
            "http_method": "POST",
            "id": "agmr-m1ee6dajs8-wty0i3-POST-200",
            "resource_id": "wty0i3",
            "response_models": null,
            "response_parameters": {
              "method.response.header.Access-Control-Allow-Origin": true
            },
            "rest_api_id": "m1ee6dajs8",
            "status_code": "200"
          },
          "sensitive_attributes": [],
          "private": "bnVsbA==",
          "dependencies": [
            "module.api_gateway.aws_api_gateway_method.status_method",
            "module.api_gateway.aws_api_gateway_resource.status",
            "module.api_gateway.aws_api_gateway_rest_api.EmployeeInfo"
          ]
        }
      ]
    },
    {
      "module": "module.api_gateway",
      "mode": "managed",
      "type": "aws_api_gateway_resource",
      "name": "employee",
      "provider": "provider[\"registry.terraform.io/hashicorp/aws\"]",
      "instances": [
        {
          "schema_version": 0,
          "attributes": {
            "id": "9eqhkn",
            "parent_id": "vuy1m7t7y3",
            "path": "/employee",
            "path_part": "employee",
            "rest_api_id": "m1ee6dajs8"
          },
          "sensitive_attributes": [],
          "private": "bnVsbA==",
          "dependencies": [
            "module.api_gateway.aws_api_gateway_rest_api.EmployeeInfo"
          ],
          "create_before_destroy": true
        }
      ]
    },
    {
      "module": "module.api_gateway",
      "mode": "managed",
      "type": "aws_api_gateway_resource",
      "name": "employees_resource",
      "provider": "provider[\"registry.terraform.io/hashicorp/aws\"]",
      "instances": [
        {
          "schema_version": 0,
          "attributes": {
            "id": "ahfzca",
            "parent_id": "vuy1m7t7y3",
            "path": "/employees",
            "path_part": "employees",
            "rest_api_id": "m1ee6dajs8"
          },
          "sensitive_attributes": [],
          "private": "bnVsbA==",
          "dependencies": [
            "module.api_gateway.aws_api_gateway_rest_api.EmployeeInfo"
          ],
          "create_before_destroy": true
        }
      ]
    },
    {
      "module": "module.api_gateway",
      "mode": "managed",
      "type": "aws_api_gateway_resource",
      "name": "status",
      "provider": "provider[\"registry.terraform.io/hashicorp/aws\"]",
      "instances": [
        {
          "schema_version": 0,
          "attributes": {
            "id": "wty0i3",
            "parent_id": "vuy1m7t7y3",
            "path": "/status",
            "path_part": "status",
            "rest_api_id": "m1ee6dajs8"
          },
          "sensitive_attributes": [],
          "private": "bnVsbA==",
          "dependencies": [
            "module.api_gateway.aws_api_gateway_rest_api.EmployeeInfo"
          ],
          "create_before_destroy": true
        }
      ]
    },
    {
      "module": "module.api_gateway",
      "mode": "managed",
      "type": "aws_api_gateway_rest_api",
      "name": "EmployeeInfo",
      "provider": "provider[\"registry.terraform.io/hashicorp/aws\"]",
      "instances": [
        {
          "schema_version": 0,
          "attributes": {
            "api_key_source": "HEADER",
            "arn": "arn:aws:apigateway:ap-south-1::/restapis/m1ee6dajs8",
            "binary_media_types": [],
            "body": null,
            "created_date": "2024-04-03T12:12:05Z",
            "description": "",
            "disable_execute_api_endpoint": false,
            "endpoint_configuration": [
              {
                "types": [
                  "EDGE"
                ],
                "vpc_endpoint_ids": []
              }
            ],
            "execution_arn": "arn:aws:execute-api:ap-south-1:637423557273:m1ee6dajs8",
            "fail_on_warnings": null,
            "id": "m1ee6dajs8",
            "minimum_compression_size": "",
            "name": "EmployeeInfo",
            "parameters": null,
            "policy": "",
            "put_rest_api_mode": null,
            "root_resource_id": "vuy1m7t7y3",
            "tags": null,
            "tags_all": {}
          },
          "sensitive_attributes": [],
          "private": "bnVsbA==",
          "create_before_destroy": true
        }
      ]
    },
    {
      "module": "module.dynamoDB_table",
      "mode": "managed",
      "type": "aws_dynamodb_table",
      "name": "employee_infos",
      "provider": "provider[\"registry.terraform.io/hashicorp/aws\"]",
      "instances": [
        {
          "schema_version": 1,
          "attributes": {
            "arn": "arn:aws:dynamodb:ap-south-1:637423557273:table/employee_infos",
            "attribute": [
              {
                "name": "employeeid",
                "type": "S"
              }
            ],
            "billing_mode": "PAY_PER_REQUEST",
            "deletion_protection_enabled": false,
            "global_secondary_index": [],
            "hash_key": "employeeid",
            "id": "employee_infos",
            "import_table": [],
            "local_secondary_index": [],
            "name": "employee_infos",
            "point_in_time_recovery": [
              {
                "enabled": false
              }
            ],
            "range_key": null,
            "read_capacity": 0,
            "replica": [],
            "restore_date_time": null,
            "restore_source_name": null,
            "restore_to_latest_time": null,
            "server_side_encryption": [],
            "stream_arn": "",
            "stream_enabled": false,
            "stream_label": "",
            "stream_view_type": "",
            "table_class": "STANDARD",
            "tags": null,
            "tags_all": {},
            "timeouts": null,
            "ttl": [
              {
                "attribute_name": "",
                "enabled": false
              }
            ],
            "write_capacity": 0
          },
          "sensitive_attributes": [],
          "private": "eyJlMmJmYjczMC1lY2FhLTExZTYtOGY4OC0zNDM2M2JjN2M0YzAiOnsiY3JlYXRlIjoxODAwMDAwMDAwMDAwLCJkZWxldGUiOjYwMDAwMDAwMDAwMCwidXBkYXRlIjozNjAwMDAwMDAwMDAwfSwic2NoZW1hX3ZlcnNpb24iOiIxIn0="
        }
      ]
    }
  ],
  "check_results": null
}
