{
  "version": 4,
  "terraform_version": "1.7.0",
  "serial": 108,
  "lineage": "2630991c-b662-99af-37ff-b2f72f997347",
  "outputs": {
    "endpoint_url": {
      "value": "https://b4rpnq5e88.execute-api.us-west-2.amazonaws.com/dev/status",
      "type": "string"
    }
  },
  "resources": [
    {
      "mode": "managed",
      "type": "aws_api_gateway_deployment",
      "name": "satyam_deployement",
      "provider": "provider[\"registry.terraform.io/hashicorp/aws\"]",
      "instances": [
        {
          "schema_version": 0,
          "attributes": {
            "created_date": "2024-02-23T11:56:24Z",
            "description": "",
            "execution_arn": "arn:aws:execute-api:us-west-2:843728461002:b4rpnq5e88/",
            "id": "k8t7c7",
            "invoke_url": "https://b4rpnq5e88.execute-api.us-west-2.amazonaws.com/",
            "rest_api_id": "b4rpnq5e88",
            "stage_description": null,
            "stage_name": null,
            "triggers": {
              "redeployment": "e84e2373cba9e48ce45f61169abe369bcd435d45"
            },
            "variables": null
          },
          "sensitive_attributes": [],
          "private": "bnVsbA==",
          "dependencies": [
            "aws_api_gateway_integration.integration",
            "aws_api_gateway_integration.integration1",
            "aws_api_gateway_integration.integration2",
            "aws_api_gateway_integration.integration3",
            "aws_api_gateway_integration.integration4",
            "aws_api_gateway_method.serverless_demos_employee_GET",
            "aws_api_gateway_method.serverless_demos_employee_GET1",
            "aws_api_gateway_method.serverless_demos_employee_GET2",
            "aws_api_gateway_method.serverless_demos_employee_GET3",
            "aws_api_gateway_method.serverless_demos_method",
            "aws_api_gateway_resource.serverless_demos_employee",
            "aws_api_gateway_resource.serverless_demos_resource",
            "aws_api_gateway_rest_api.serverless_demos",
            "aws_ecr_repository.satyam_project",
            "aws_iam_role.satyam_lambda_execution_role",
            "aws_lambda_function.satyam_lambda_function"
          ],
          "create_before_destroy": true
        }
      ]
    },
    {
      "mode": "managed",
      "type": "aws_api_gateway_integration",
      "name": "integration",
      "provider": "provider[\"registry.terraform.io/hashicorp/aws\"]",
      "instances": [
        {
          "schema_version": 0,
          "attributes": {
            "cache_key_parameters": [],
            "cache_namespace": "575v9h",
            "connection_id": "",
            "connection_type": "INTERNET",
            "content_handling": "",
            "credentials": "",
            "http_method": "GET",
            "id": "agi-b4rpnq5e88-575v9h-GET",
            "integration_http_method": "POST",
            "passthrough_behavior": "WHEN_NO_MATCH",
            "request_parameters": {},
            "request_templates": {},
            "resource_id": "575v9h",
            "rest_api_id": "b4rpnq5e88",
            "timeout_milliseconds": 29000,
            "tls_config": [],
            "type": "AWS_PROXY",
            "uri": "arn:aws:apigateway:us-west-2:lambda:path/2015-03-31/functions/arn:aws:lambda:us-west-2:843728461002:function:satyam_lambda_function/invocations"
          },
          "sensitive_attributes": [],
          "private": "bnVsbA==",
          "dependencies": [
            "aws_api_gateway_method.serverless_demos_method",
            "aws_api_gateway_resource.serverless_demos_resource",
            "aws_api_gateway_rest_api.serverless_demos",
            "aws_ecr_repository.satyam_project",
            "aws_iam_role.satyam_lambda_execution_role",
            "aws_lambda_function.satyam_lambda_function"
          ],
          "create_before_destroy": true
        }
      ]
    },
    {
      "mode": "managed",
      "type": "aws_api_gateway_integration",
      "name": "integration1",
      "provider": "provider[\"registry.terraform.io/hashicorp/aws\"]",
      "instances": [
        {
          "schema_version": 0,
          "attributes": {
            "cache_key_parameters": [],
            "cache_namespace": "7m18qs",
            "connection_id": "",
            "connection_type": "INTERNET",
            "content_handling": "",
            "credentials": "",
            "http_method": "POST",
            "id": "agi-b4rpnq5e88-7m18qs-POST",
            "integration_http_method": "POST",
            "passthrough_behavior": "WHEN_NO_MATCH",
            "request_parameters": {},
            "request_templates": {},
            "resource_id": "7m18qs",
            "rest_api_id": "b4rpnq5e88",
            "timeout_milliseconds": 29000,
            "tls_config": [],
            "type": "AWS_PROXY",
            "uri": "arn:aws:apigateway:us-west-2:lambda:path/2015-03-31/functions/arn:aws:lambda:us-west-2:843728461002:function:satyam_lambda_function/invocations"
          },
          "sensitive_attributes": [],
          "private": "bnVsbA==",
          "dependencies": [
            "aws_api_gateway_method.serverless_demos_employee_GET",
            "aws_api_gateway_resource.serverless_demos_employee",
            "aws_api_gateway_rest_api.serverless_demos",
            "aws_ecr_repository.satyam_project",
            "aws_iam_role.satyam_lambda_execution_role",
            "aws_lambda_function.satyam_lambda_function"
          ],
          "create_before_destroy": true
        }
      ]
    },
    {
      "mode": "managed",
      "type": "aws_api_gateway_integration",
      "name": "integration2",
      "provider": "provider[\"registry.terraform.io/hashicorp/aws\"]",
      "instances": [
        {
          "schema_version": 0,
          "attributes": {
            "cache_key_parameters": [],
            "cache_namespace": "7m18qs",
            "connection_id": "",
            "connection_type": "INTERNET",
            "content_handling": "",
            "credentials": "",
            "http_method": "GET",
            "id": "agi-b4rpnq5e88-7m18qs-GET",
            "integration_http_method": "POST",
            "passthrough_behavior": "WHEN_NO_MATCH",
            "request_parameters": {},
            "request_templates": {},
            "resource_id": "7m18qs",
            "rest_api_id": "b4rpnq5e88",
            "timeout_milliseconds": 29000,
            "tls_config": [],
            "type": "AWS_PROXY",
            "uri": "arn:aws:apigateway:us-west-2:lambda:path/2015-03-31/functions/arn:aws:lambda:us-west-2:843728461002:function:satyam_lambda_function/invocations"
          },
          "sensitive_attributes": [],
          "private": "bnVsbA==",
          "dependencies": [
            "aws_api_gateway_method.serverless_demos_employee_GET1",
            "aws_api_gateway_resource.serverless_demos_employee",
            "aws_api_gateway_rest_api.serverless_demos",
            "aws_ecr_repository.satyam_project",
            "aws_iam_role.satyam_lambda_execution_role",
            "aws_lambda_function.satyam_lambda_function"
          ],
          "create_before_destroy": true
        }
      ]
    },
    {
      "mode": "managed",
      "type": "aws_api_gateway_integration",
      "name": "integration3",
      "provider": "provider[\"registry.terraform.io/hashicorp/aws\"]",
      "instances": [
        {
          "schema_version": 0,
          "attributes": {
            "cache_key_parameters": [],
            "cache_namespace": "7m18qs",
            "connection_id": "",
            "connection_type": "INTERNET",
            "content_handling": "",
            "credentials": "",
            "http_method": "DELETE",
            "id": "agi-b4rpnq5e88-7m18qs-DELETE",
            "integration_http_method": "POST",
            "passthrough_behavior": "WHEN_NO_MATCH",
            "request_parameters": {},
            "request_templates": {},
            "resource_id": "7m18qs",
            "rest_api_id": "b4rpnq5e88",
            "timeout_milliseconds": 29000,
            "tls_config": [],
            "type": "AWS_PROXY",
            "uri": "arn:aws:apigateway:us-west-2:lambda:path/2015-03-31/functions/arn:aws:lambda:us-west-2:843728461002:function:satyam_lambda_function/invocations"
          },
          "sensitive_attributes": [],
          "private": "bnVsbA==",
          "dependencies": [
            "aws_api_gateway_method.serverless_demos_employee_GET2",
            "aws_api_gateway_resource.serverless_demos_employee",
            "aws_api_gateway_rest_api.serverless_demos",
            "aws_ecr_repository.satyam_project",
            "aws_iam_role.satyam_lambda_execution_role",
            "aws_lambda_function.satyam_lambda_function"
          ],
          "create_before_destroy": true
        }
      ]
    },
    {
      "mode": "managed",
      "type": "aws_api_gateway_integration",
      "name": "integration4",
      "provider": "provider[\"registry.terraform.io/hashicorp/aws\"]",
      "instances": [
        {
          "schema_version": 0,
          "attributes": {
            "cache_key_parameters": null,
            "cache_namespace": "7m18qs",
            "connection_id": "",
            "connection_type": "INTERNET",
            "content_handling": "",
            "credentials": "",
            "http_method": "PATCH",
            "id": "agi-b4rpnq5e88-7m18qs-PATCH",
            "integration_http_method": "POST",
            "passthrough_behavior": "WHEN_NO_MATCH",
            "request_parameters": null,
            "request_templates": null,
            "resource_id": "7m18qs",
            "rest_api_id": "b4rpnq5e88",
            "timeout_milliseconds": 29000,
            "tls_config": [],
            "type": "AWS_PROXY",
            "uri": "arn:aws:apigateway:us-west-2:lambda:path/2015-03-31/functions/arn:aws:lambda:us-west-2:843728461002:function:satyam_lambda_function/invocations"
          },
          "sensitive_attributes": [],
          "private": "bnVsbA==",
          "dependencies": [
            "aws_api_gateway_method.serverless_demos_employee_GET3",
            "aws_api_gateway_resource.serverless_demos_employee",
            "aws_api_gateway_rest_api.serverless_demos",
            "aws_ecr_repository.satyam_project",
            "aws_iam_role.satyam_lambda_execution_role",
            "aws_lambda_function.satyam_lambda_function"
          ],
          "create_before_destroy": true
        }
      ]
    },
    {
      "mode": "managed",
      "type": "aws_api_gateway_method",
      "name": "serverless_demos_employee_GET",
      "provider": "provider[\"registry.terraform.io/hashicorp/aws\"]",
      "instances": [
        {
          "schema_version": 0,
          "attributes": {
            "api_key_required": false,
            "authorization": "NONE",
            "authorization_scopes": [],
            "authorizer_id": "",
            "http_method": "POST",
            "id": "agm-b4rpnq5e88-7m18qs-POST",
            "operation_name": "",
            "request_models": {},
            "request_parameters": {},
            "request_validator_id": "",
            "resource_id": "7m18qs",
            "rest_api_id": "b4rpnq5e88"
          },
          "sensitive_attributes": [],
          "private": "bnVsbA==",
          "dependencies": [
            "aws_api_gateway_resource.serverless_demos_employee",
            "aws_api_gateway_rest_api.serverless_demos"
          ],
          "create_before_destroy": true
        }
      ]
    },
    {
      "mode": "managed",
      "type": "aws_api_gateway_method",
      "name": "serverless_demos_employee_GET1",
      "provider": "provider[\"registry.terraform.io/hashicorp/aws\"]",
      "instances": [
        {
          "schema_version": 0,
          "attributes": {
            "api_key_required": false,
            "authorization": "NONE",
            "authorization_scopes": [],
            "authorizer_id": "",
            "http_method": "GET",
            "id": "agm-b4rpnq5e88-7m18qs-GET",
            "operation_name": "",
            "request_models": {},
            "request_parameters": {},
            "request_validator_id": "",
            "resource_id": "7m18qs",
            "rest_api_id": "b4rpnq5e88"
          },
          "sensitive_attributes": [],
          "private": "bnVsbA==",
          "dependencies": [
            "aws_api_gateway_resource.serverless_demos_employee",
            "aws_api_gateway_rest_api.serverless_demos"
          ],
          "create_before_destroy": true
        }
      ]
    },
    {
      "mode": "managed",
      "type": "aws_api_gateway_method",
      "name": "serverless_demos_employee_GET2",
      "provider": "provider[\"registry.terraform.io/hashicorp/aws\"]",
      "instances": [
        {
          "schema_version": 0,
          "attributes": {
            "api_key_required": false,
            "authorization": "NONE",
            "authorization_scopes": [],
            "authorizer_id": "",
            "http_method": "DELETE",
            "id": "agm-b4rpnq5e88-7m18qs-DELETE",
            "operation_name": "",
            "request_models": {},
            "request_parameters": {},
            "request_validator_id": "",
            "resource_id": "7m18qs",
            "rest_api_id": "b4rpnq5e88"
          },
          "sensitive_attributes": [],
          "private": "bnVsbA==",
          "dependencies": [
            "aws_api_gateway_resource.serverless_demos_employee",
            "aws_api_gateway_rest_api.serverless_demos"
          ],
          "create_before_destroy": true
        }
      ]
    },
    {
      "mode": "managed",
      "type": "aws_api_gateway_method",
      "name": "serverless_demos_employee_GET3",
      "provider": "provider[\"registry.terraform.io/hashicorp/aws\"]",
      "instances": [
        {
          "schema_version": 0,
          "attributes": {
            "api_key_required": false,
            "authorization": "NONE",
            "authorization_scopes": null,
            "authorizer_id": null,
            "http_method": "PATCH",
            "id": "agm-b4rpnq5e88-7m18qs-PATCH",
            "operation_name": null,
            "request_models": null,
            "request_parameters": null,
            "request_validator_id": null,
            "resource_id": "7m18qs",
            "rest_api_id": "b4rpnq5e88"
          },
          "sensitive_attributes": [],
          "private": "bnVsbA==",
          "dependencies": [
            "aws_api_gateway_resource.serverless_demos_employee",
            "aws_api_gateway_rest_api.serverless_demos"
          ],
          "create_before_destroy": true
        }
      ]
    },
    {
      "mode": "managed",
      "type": "aws_api_gateway_method",
      "name": "serverless_demos_method",
      "provider": "provider[\"registry.terraform.io/hashicorp/aws\"]",
      "instances": [
        {
          "schema_version": 0,
          "attributes": {
            "api_key_required": false,
            "authorization": "NONE",
            "authorization_scopes": [],
            "authorizer_id": "",
            "http_method": "GET",
            "id": "agm-b4rpnq5e88-575v9h-GET",
            "operation_name": "",
            "request_models": {},
            "request_parameters": {},
            "request_validator_id": "",
            "resource_id": "575v9h",
            "rest_api_id": "b4rpnq5e88"
          },
          "sensitive_attributes": [],
          "private": "bnVsbA==",
          "dependencies": [
            "aws_api_gateway_resource.serverless_demos_resource",
            "aws_api_gateway_rest_api.serverless_demos"
          ],
          "create_before_destroy": true
        }
      ]
    },
    {
      "mode": "managed",
      "type": "aws_api_gateway_resource",
      "name": "serverless_demos_employee",
      "provider": "provider[\"registry.terraform.io/hashicorp/aws\"]",
      "instances": [
        {
          "schema_version": 0,
          "attributes": {
            "id": "7m18qs",
            "parent_id": "srva18kky3",
            "path": "/employee",
            "path_part": "employee",
            "rest_api_id": "b4rpnq5e88"
          },
          "sensitive_attributes": [],
          "private": "bnVsbA==",
          "dependencies": [
            "aws_api_gateway_rest_api.serverless_demos"
          ],
          "create_before_destroy": true
        }
      ]
    },
    {
      "mode": "managed",
      "type": "aws_api_gateway_resource",
      "name": "serverless_demos_resource",
      "provider": "provider[\"registry.terraform.io/hashicorp/aws\"]",
      "instances": [
        {
          "schema_version": 0,
          "attributes": {
            "id": "575v9h",
            "parent_id": "srva18kky3",
            "path": "/status",
            "path_part": "status",
            "rest_api_id": "b4rpnq5e88"
          },
          "sensitive_attributes": [],
          "private": "bnVsbA==",
          "dependencies": [
            "aws_api_gateway_rest_api.serverless_demos"
          ],
          "create_before_destroy": true
        }
      ]
    },
    {
      "mode": "managed",
      "type": "aws_api_gateway_rest_api",
      "name": "serverless_demos",
      "provider": "provider[\"registry.terraform.io/hashicorp/aws\"]",
      "instances": [
        {
          "schema_version": 0,
          "attributes": {
            "api_key_source": "HEADER",
            "arn": "arn:aws:apigateway:us-west-2::/restapis/b4rpnq5e88",
            "binary_media_types": [],
            "body": null,
            "created_date": "2024-02-23T05:46:38Z",
            "description": "Terraform Serverless Application Example",
            "disable_execute_api_endpoint": false,
            "endpoint_configuration": [
              {
                "types": [
                  "EDGE"
                ],
                "vpc_endpoint_ids": []
              }
            ],
            "execution_arn": "arn:aws:execute-api:us-west-2:843728461002:b4rpnq5e88",
            "fail_on_warnings": null,
            "id": "b4rpnq5e88",
            "minimum_compression_size": "",
            "name": "serverless_demos",
            "parameters": null,
            "policy": "",
            "put_rest_api_mode": null,
            "root_resource_id": "srva18kky3",
            "tags": {},
            "tags_all": {}
          },
          "sensitive_attributes": [],
          "private": "bnVsbA==",
          "create_before_destroy": true
        }
      ]
    },
    {
      "mode": "managed",
      "type": "aws_api_gateway_stage",
      "name": "satyam_stage",
      "provider": "provider[\"registry.terraform.io/hashicorp/aws\"]",
      "instances": [
        {
          "schema_version": 0,
          "attributes": {
            "access_log_settings": [],
            "arn": "arn:aws:apigateway:us-west-2::/restapis/b4rpnq5e88/stages/dev",
            "cache_cluster_enabled": false,
            "cache_cluster_size": "",
            "canary_settings": [],
            "client_certificate_id": "",
            "deployment_id": "k8t7c7",
            "description": "",
            "documentation_version": "",
            "execution_arn": "arn:aws:execute-api:us-west-2:843728461002:b4rpnq5e88/dev",
            "id": "ags-b4rpnq5e88-dev",
            "invoke_url": "https://b4rpnq5e88.execute-api.us-west-2.amazonaws.com/dev",
            "rest_api_id": "b4rpnq5e88",
            "stage_name": "dev",
            "tags": {},
            "tags_all": {},
            "variables": {},
            "web_acl_arn": "",
            "xray_tracing_enabled": false
          },
          "sensitive_attributes": [],
          "private": "bnVsbA==",
          "dependencies": [
            "aws_api_gateway_deployment.satyam_deployement",
            "aws_api_gateway_integration.integration",
            "aws_api_gateway_integration.integration1",
            "aws_api_gateway_integration.integration2",
            "aws_api_gateway_integration.integration3",
            "aws_api_gateway_integration.integration4",
            "aws_api_gateway_method.serverless_demos_employee_GET",
            "aws_api_gateway_method.serverless_demos_employee_GET1",
            "aws_api_gateway_method.serverless_demos_employee_GET2",
            "aws_api_gateway_method.serverless_demos_employee_GET3",
            "aws_api_gateway_method.serverless_demos_method",
            "aws_api_gateway_resource.serverless_demos_employee",
            "aws_api_gateway_resource.serverless_demos_resource",
            "aws_api_gateway_rest_api.serverless_demos",
            "aws_ecr_repository.satyam_project",
            "aws_iam_role.satyam_lambda_execution_role",
            "aws_lambda_function.satyam_lambda_function"
          ]
        }
      ]
    },
    {
      "mode": "managed",
      "type": "aws_dynamodb_table",
      "name": "employee_infos",
      "provider": "provider[\"registry.terraform.io/hashicorp/aws\"]",
      "instances": [
        {
          "schema_version": 1,
          "attributes": {
            "arn": "arn:aws:dynamodb:us-west-2:843728461002:table/employee_infos",
            "attribute": [
              {
                "name": "employeeid",
                "type": "S"
              }
            ],
            "billing_mode": "PAY_PER_REQUEST",
            "deletion_protection_enabled": false,
            "global_secondary_index": [],
            "hash_key": "employeeid",
            "id": "employee_infos",
            "import_table": [],
            "local_secondary_index": [],
            "name": "employee_infos",
            "point_in_time_recovery": [
              {
                "enabled": false
              }
            ],
            "range_key": null,
            "read_capacity": 0,
            "replica": [],
            "restore_date_time": null,
            "restore_source_name": null,
            "restore_to_latest_time": null,
            "server_side_encryption": [],
            "stream_arn": "",
            "stream_enabled": false,
            "stream_label": "",
            "stream_view_type": "",
            "table_class": "STANDARD",
            "tags": {},
            "tags_all": {},
            "timeouts": null,
            "ttl": [
              {
                "attribute_name": "",
                "enabled": false
              }
            ],
            "write_capacity": 0
          },
          "sensitive_attributes": [],
          "private": "eyJlMmJmYjczMC1lY2FhLTExZTYtOGY4OC0zNDM2M2JjN2M0YzAiOnsiY3JlYXRlIjoxODAwMDAwMDAwMDAwLCJkZWxldGUiOjYwMDAwMDAwMDAwMCwidXBkYXRlIjozNjAwMDAwMDAwMDAwfSwic2NoZW1hX3ZlcnNpb24iOiIxIn0="
        }
      ]
    },
    {
      "mode": "managed",
      "type": "aws_ecr_repository",
      "name": "satyam_project",
      "provider": "provider[\"registry.terraform.io/hashicorp/aws\"]",
      "instances": [
        {
          "schema_version": 0,
          "attributes": {
            "arn": "arn:aws:ecr:us-west-2:843728461002:repository/satyam_project",
            "encryption_configuration": [
              {
                "encryption_type": "AES256",
                "kms_key": ""
              }
            ],
            "force_delete": null,
            "id": "satyam_project",
            "image_scanning_configuration": [
              {
                "scan_on_push": false
              }
            ],
            "image_tag_mutability": "IMMUTABLE",
            "name": "satyam_project",
            "registry_id": "843728461002",
            "repository_url": "843728461002.dkr.ecr.us-west-2.amazonaws.com/satyam_project",
            "tags": {},
            "tags_all": {},
            "timeouts": null
          },
          "sensitive_attributes": [],
          "private": "eyJlMmJmYjczMC1lY2FhLTExZTYtOGY4OC0zNDM2M2JjN2M0YzAiOnsiZGVsZXRlIjoxMjAwMDAwMDAwMDAwfX0=",
          "create_before_destroy": true
        }
      ]
    },
    {
      "mode": "managed",
      "type": "aws_iam_policy",
      "name": "satyam_DynamoDb_access_policy",
      "provider": "provider[\"registry.terraform.io/hashicorp/aws\"]",
      "instances": [
        {
          "schema_version": 0,
          "attributes": {
            "arn": "arn:aws:iam::843728461002:policy/satyam_DynamoDb_access_policy",
            "description": "Policy for granting Lambda access to DyanmoDb Table",
            "id": "arn:aws:iam::843728461002:policy/satyam_DynamoDb_access_policy",
            "name": "satyam_DynamoDb_access_policy",
            "name_prefix": "",
            "path": "/",
            "policy": "{\"Statement\":[{\"Action\":[\"dynamodb:*\"],\"Effect\":\"Allow\",\"Resource\":\"*\"}],\"Version\":\"2012-10-17\"}",
            "policy_id": "ANPA4I4RCTTFNPI7PVTJD",
            "tags": {},
            "tags_all": {}
          },
          "sensitive_attributes": [],
          "private": "bnVsbA=="
        }
      ]
    },
    {
      "mode": "managed",
      "type": "aws_iam_policy",
      "name": "satyam_cloudwatch_logs_policy",
      "provider": "provider[\"registry.terraform.io/hashicorp/aws\"]",
      "instances": [
        {
          "schema_version": 0,
          "attributes": {
            "arn": "arn:aws:iam::843728461002:policy/satyam_cloudwatch_logs_policy",
            "description": "Allows Lambda function to have full access to CloudWatch Logs",
            "id": "arn:aws:iam::843728461002:policy/satyam_cloudwatch_logs_policy",
            "name": "satyam_cloudwatch_logs_policy",
            "name_prefix": "",
            "path": "/",
            "policy": "{\"Statement\":[{\"Action\":\"logs:*\",\"Effect\":\"Allow\",\"Resource\":\"*\"}],\"Version\":\"2012-10-17\"}",
            "policy_id": "ANPA4I4RCTTFIHM4WHTQ3",
            "tags": {},
            "tags_all": {}
          },
          "sensitive_attributes": [],
          "private": "bnVsbA=="
        }
      ]
    },
    {
      "mode": "managed",
      "type": "aws_iam_policy",
      "name": "satyam_lambda_ecr_access_policy",
      "provider": "provider[\"registry.terraform.io/hashicorp/aws\"]",
      "instances": [
        {
          "schema_version": 0,
          "attributes": {
            "arn": "arn:aws:iam::843728461002:policy/satyam_lambda_ecr_access_policy",
            "description": "Policy for granting Lambda access to ECR repositories",
            "id": "arn:aws:iam::843728461002:policy/satyam_lambda_ecr_access_policy",
            "name": "satyam_lambda_ecr_access_policy",
            "name_prefix": "",
            "path": "/",
            "policy": "{\"Statement\":[{\"Action\":[\"ecr:GetAuthorizationToken\",\"ecr:BatchCheckLayerAvailability\",\"ecr:GetDownloadUrlForLayer\",\"ecr:GetRepositoryPolicy\",\"ecr:DescribeRepositories\",\"ecr:ListImages\",\"ecr:DescribeImages\",\"ecr:BatchGetImage\"],\"Effect\":\"Allow\",\"Resource\":\"*\"}],\"Version\":\"2012-10-17\"}",
            "policy_id": "ANPA4I4RCTTFJ4QJ3HAPG",
            "tags": {},
            "tags_all": {}
          },
          "sensitive_attributes": [],
          "private": "bnVsbA=="
        }
      ]
    },
    {
      "mode": "managed",
      "type": "aws_iam_role",
      "name": "satyam_lambda_execution_role",
      "provider": "provider[\"registry.terraform.io/hashicorp/aws\"]",
      "instances": [
        {
          "schema_version": 0,
          "attributes": {
            "arn": "arn:aws:iam::843728461002:role/satyam_lambda_execution_role",
            "assume_role_policy": "{\"Statement\":[{\"Action\":\"sts:AssumeRole\",\"Effect\":\"Allow\",\"Principal\":{\"Service\":\"lambda.amazonaws.com\"}}],\"Version\":\"2012-10-17\"}",
            "create_date": "2024-02-23T05:46:38Z",
            "description": "",
            "force_detach_policies": false,
            "id": "satyam_lambda_execution_role",
            "inline_policy": [],
            "managed_policy_arns": [
              "arn:aws:iam::843728461002:policy/satyam_DynamoDb_access_policy",
              "arn:aws:iam::843728461002:policy/satyam_cloudwatch_logs_policy",
              "arn:aws:iam::843728461002:policy/satyam_lambda_ecr_access_policy"
            ],
            "max_session_duration": 3600,
            "name": "satyam_lambda_execution_role",
            "name_prefix": "",
            "path": "/",
            "permissions_boundary": "",
            "tags": {},
            "tags_all": {},
            "unique_id": "AROA4I4RCTTFHYJ2SFVDD"
          },
          "sensitive_attributes": [],
          "private": "bnVsbA==",
          "create_before_destroy": true
        }
      ]
    },
    {
      "mode": "managed",
      "type": "aws_iam_role_policy_attachment",
      "name": "CloudWatch_access_attachment",
      "provider": "provider[\"registry.terraform.io/hashicorp/aws\"]",
      "instances": [
        {
          "schema_version": 0,
          "attributes": {
            "id": "satyam_lambda_execution_role-20240223054639430700000002",
            "policy_arn": "arn:aws:iam::843728461002:policy/satyam_cloudwatch_logs_policy",
            "role": "satyam_lambda_execution_role"
          },
          "sensitive_attributes": [],
          "private": "bnVsbA==",
          "dependencies": [
            "aws_iam_policy.satyam_cloudwatch_logs_policy",
            "aws_iam_role.satyam_lambda_execution_role"
          ]
        }
      ]
    },
    {
      "mode": "managed",
      "type": "aws_iam_role_policy_attachment",
      "name": "DyanmoDb_access_attachment",
      "provider": "provider[\"registry.terraform.io/hashicorp/aws\"]",
      "instances": [
        {
          "schema_version": 0,
          "attributes": {
            "id": "satyam_lambda_execution_role-20240223054639412500000001",
            "policy_arn": "arn:aws:iam::843728461002:policy/satyam_DynamoDb_access_policy",
            "role": "satyam_lambda_execution_role"
          },
          "sensitive_attributes": [],
          "private": "bnVsbA==",
          "dependencies": [
            "aws_iam_policy.satyam_DynamoDb_access_policy",
            "aws_iam_role.satyam_lambda_execution_role"
          ]
        }
      ]
    },
    {
      "mode": "managed",
      "type": "aws_iam_role_policy_attachment",
      "name": "lambda_ecr_access_attachment",
      "provider": "provider[\"registry.terraform.io/hashicorp/aws\"]",
      "instances": [
        {
          "schema_version": 0,
          "attributes": {
            "id": "satyam_lambda_execution_role-20240223054639451600000003",
            "policy_arn": "arn:aws:iam::843728461002:policy/satyam_lambda_ecr_access_policy",
            "role": "satyam_lambda_execution_role"
          },
          "sensitive_attributes": [],
          "private": "bnVsbA==",
          "dependencies": [
            "aws_iam_policy.satyam_lambda_ecr_access_policy",
            "aws_iam_role.satyam_lambda_execution_role"
          ]
        }
      ]
    },
    {
      "mode": "managed",
      "type": "aws_lambda_function",
      "name": "satyam_lambda_function",
      "provider": "provider[\"registry.terraform.io/hashicorp/aws\"]",
      "instances": [
        {
          "schema_version": 0,
          "attributes": {
            "architectures": [
              "arm64"
            ],
            "arn": "arn:aws:lambda:us-west-2:843728461002:function:satyam_lambda_function",
            "code_signing_config_arn": "",
            "dead_letter_config": [],
            "description": "",
            "environment": [],
            "ephemeral_storage": [
              {
                "size": 512
              }
            ],
            "file_system_config": [],
            "filename": null,
            "function_name": "satyam_lambda_function",
            "handler": "",
            "id": "satyam_lambda_function",
            "image_config": [],
            "image_uri": "843728461002.dkr.ecr.us-west-2.amazonaws.com/satyam_project:latest",
            "invoke_arn": "arn:aws:apigateway:us-west-2:lambda:path/2015-03-31/functions/arn:aws:lambda:us-west-2:843728461002:function:satyam_lambda_function/invocations",
            "kms_key_arn": "",
            "last_modified": "2024-02-23T11:49:04.584+0000",
            "layers": [],
            "logging_config": [
              {
                "application_log_level": "",
                "log_format": "Text",
                "log_group": "/aws/lambda/satyam_lambda_function",
                "system_log_level": ""
              }
            ],
            "memory_size": 128,
            "package_type": "Image",
            "publish": false,
            "qualified_arn": "arn:aws:lambda:us-west-2:843728461002:function:satyam_lambda_function:$LATEST",
            "qualified_invoke_arn": "arn:aws:apigateway:us-west-2:lambda:path/2015-03-31/functions/arn:aws:lambda:us-west-2:843728461002:function:satyam_lambda_function:$LATEST/invocations",
            "replace_security_groups_on_destroy": null,
            "replacement_security_group_ids": null,
            "reserved_concurrent_executions": -1,
            "role": "arn:aws:iam::843728461002:role/satyam_lambda_execution_role",
            "runtime": "",
            "s3_bucket": null,
            "s3_key": null,
            "s3_object_version": null,
            "signing_job_arn": "",
            "signing_profile_version_arn": "",
            "skip_destroy": false,
            "snap_start": [],
            "source_code_hash": "3d13dba569dcc835c557840d33b7b97e4f8b64256fd7af0d07d790356e9ee4d2",
            "source_code_size": 0,
            "tags": {},
            "tags_all": {},
            "timeout": 3,
            "timeouts": null,
            "tracing_config": [
              {
                "mode": "PassThrough"
              }
            ],
            "version": "$LATEST",
            "vpc_config": []
          },
          "sensitive_attributes": [],
          "private": "eyJlMmJmYjczMC1lY2FhLTExZTYtOGY4OC0zNDM2M2JjN2M0YzAiOnsiY3JlYXRlIjo2MDAwMDAwMDAwMDAsImRlbGV0ZSI6NjAwMDAwMDAwMDAwLCJ1cGRhdGUiOjYwMDAwMDAwMDAwMH19",
          "dependencies": [
            "aws_ecr_repository.satyam_project",
            "aws_iam_role.satyam_lambda_execution_role"
          ],
          "create_before_destroy": true
        }
      ]
    },
    {
      "mode": "managed",
      "type": "aws_lambda_permission",
      "name": "apigw_lambda",
      "provider": "provider[\"registry.terraform.io/hashicorp/aws\"]",
      "instances": [
        {
          "schema_version": 0,
          "attributes": {
            "action": "lambda:InvokeFunction",
            "event_source_token": null,
            "function_name": "satyam_lambda_function",
            "function_url_auth_type": null,
            "id": "AllowExecutionFromAPIGateway",
            "principal": "apigateway.amazonaws.com",
            "principal_org_id": null,
            "qualifier": "",
            "source_account": null,
            "source_arn": "arn:aws:execute-api:us-west-2:843728461002:b4rpnq5e88/*/GET/status",
            "statement_id": "AllowExecutionFromAPIGateway",
            "statement_id_prefix": ""
          },
          "sensitive_attributes": [],
          "private": "bnVsbA==",
          "dependencies": [
            "aws_api_gateway_method.serverless_demos_method",
            "aws_api_gateway_resource.serverless_demos_resource",
            "aws_api_gateway_rest_api.serverless_demos",
            "aws_ecr_repository.satyam_project",
            "aws_iam_role.satyam_lambda_execution_role",
            "aws_lambda_function.satyam_lambda_function"
          ]
        }
      ]
    },
    {
      "mode": "managed",
      "type": "aws_lambda_permission",
      "name": "apigw_lambda1",
      "provider": "provider[\"registry.terraform.io/hashicorp/aws\"]",
      "instances": [
        {
          "schema_version": 0,
          "attributes": {
            "action": "lambda:InvokeFunction",
            "event_source_token": null,
            "function_name": "satyam_lambda_function",
            "function_url_auth_type": null,
            "id": "AllowExecutionFromAPIGatewayGET",
            "principal": "apigateway.amazonaws.com",
            "principal_org_id": null,
            "qualifier": "",
            "source_account": null,
            "source_arn": "arn:aws:execute-api:us-west-2:843728461002:b4rpnq5e88/*/POST/employee",
            "statement_id": "AllowExecutionFromAPIGatewayGET",
            "statement_id_prefix": ""
          },
          "sensitive_attributes": [],
          "private": "bnVsbA==",
          "dependencies": [
            "aws_api_gateway_method.serverless_demos_employee_GET",
            "aws_api_gateway_resource.serverless_demos_employee",
            "aws_api_gateway_rest_api.serverless_demos",
            "aws_ecr_repository.satyam_project",
            "aws_iam_role.satyam_lambda_execution_role",
            "aws_lambda_function.satyam_lambda_function"
          ]
        }
      ]
    },
    {
      "mode": "managed",
      "type": "aws_lambda_permission",
      "name": "apigw_lambda2",
      "provider": "provider[\"registry.terraform.io/hashicorp/aws\"]",
      "instances": [
        {
          "schema_version": 0,
          "attributes": {
            "action": "lambda:InvokeFunction",
            "event_source_token": null,
            "function_name": "satyam_lambda_function",
            "function_url_auth_type": null,
            "id": "AllowExecutionFromAPIGatewayGET1",
            "principal": "apigateway.amazonaws.com",
            "principal_org_id": null,
            "qualifier": "",
            "source_account": null,
            "source_arn": "arn:aws:execute-api:us-west-2:843728461002:b4rpnq5e88/*/GET/employee",
            "statement_id": "AllowExecutionFromAPIGatewayGET1",
            "statement_id_prefix": ""
          },
          "sensitive_attributes": [],
          "private": "bnVsbA==",
          "dependencies": [
            "aws_api_gateway_method.serverless_demos_employee_GET1",
            "aws_api_gateway_resource.serverless_demos_employee",
            "aws_api_gateway_rest_api.serverless_demos",
            "aws_ecr_repository.satyam_project",
            "aws_iam_role.satyam_lambda_execution_role",
            "aws_lambda_function.satyam_lambda_function"
          ]
        }
      ]
    },
    {
      "mode": "managed",
      "type": "aws_lambda_permission",
      "name": "apigw_lambda3",
      "provider": "provider[\"registry.terraform.io/hashicorp/aws\"]",
      "instances": [
        {
          "schema_version": 0,
          "attributes": {
            "action": "lambda:InvokeFunction",
            "event_source_token": null,
            "function_name": "satyam_lambda_function",
            "function_url_auth_type": null,
            "id": "AllowExecutionFromAPIGatewayGET2",
            "principal": "apigateway.amazonaws.com",
            "principal_org_id": null,
            "qualifier": "",
            "source_account": null,
            "source_arn": "arn:aws:execute-api:us-west-2:843728461002:b4rpnq5e88/*/DELETE/employee",
            "statement_id": "AllowExecutionFromAPIGatewayGET2",
            "statement_id_prefix": ""
          },
          "sensitive_attributes": [],
          "private": "bnVsbA==",
          "dependencies": [
            "aws_api_gateway_method.serverless_demos_employee_GET2",
            "aws_api_gateway_resource.serverless_demos_employee",
            "aws_api_gateway_rest_api.serverless_demos",
            "aws_ecr_repository.satyam_project",
            "aws_iam_role.satyam_lambda_execution_role",
            "aws_lambda_function.satyam_lambda_function"
          ]
        }
      ]
    },
    {
      "mode": "managed",
      "type": "aws_lambda_permission",
      "name": "apigw_lambda4",
      "provider": "provider[\"registry.terraform.io/hashicorp/aws\"]",
      "instances": [
        {
          "schema_version": 0,
          "attributes": {
            "action": "lambda:InvokeFunction",
            "event_source_token": null,
            "function_name": "satyam_lambda_function",
            "function_url_auth_type": null,
            "id": "AllowExecutionFromAPIGatewayGET3",
            "principal": "apigateway.amazonaws.com",
            "principal_org_id": null,
            "qualifier": "",
            "source_account": null,
            "source_arn": "arn:aws:execute-api:us-west-2:843728461002:b4rpnq5e88/*/PATCH/employee",
            "statement_id": "AllowExecutionFromAPIGatewayGET3",
            "statement_id_prefix": ""
          },
          "sensitive_attributes": [],
          "private": "bnVsbA==",
          "dependencies": [
            "aws_api_gateway_method.serverless_demos_employee_GET3",
            "aws_api_gateway_resource.serverless_demos_employee",
            "aws_api_gateway_rest_api.serverless_demos",
            "aws_ecr_repository.satyam_project",
            "aws_iam_role.satyam_lambda_execution_role",
            "aws_lambda_function.satyam_lambda_function"
          ]
        }
      ]
    },
    {
      "mode": "managed",
      "type": "null_resource",
      "name": "push_docker_image_to_ecr",
      "provider": "provider[\"registry.terraform.io/hashicorp/null\"]",
      "instances": [
        {
          "schema_version": 0,
          "attributes": {
            "id": "105313739702236421",
            "triggers": null
          },
          "sensitive_attributes": [],
          "dependencies": [
            "aws_ecr_repository.satyam_project"
          ]
        }
      ]
    }
  ],
  "check_results": null
}
