{
  "version": 4,
  "terraform_version": "1.7.5",
  "serial": 103,
  "lineage": "ad89974b-f714-29b1-4216-d60d370db764",
  "outputs": {},
  "resources": [
    {
      "module": "module.Ecr_repo",
      "mode": "managed",
      "type": "aws_ecr_repository",
      "name": "satyam_project",
      "provider": "provider[\"registry.terraform.io/hashicorp/aws\"]",
      "instances": [
        {
          "schema_version": 0,
          "attributes": {
            "arn": "arn:aws:ecr:ap-south-1:637423557273:repository/satyam_project",
            "encryption_configuration": [
              {
                "encryption_type": "AES256",
                "kms_key": ""
              }
            ],
            "force_delete": null,
            "id": "satyam_project",
            "image_scanning_configuration": [
              {
                "scan_on_push": false
              }
            ],
            "image_tag_mutability": "MUTABLE",
            "name": "satyam_project",
            "registry_id": "637423557273",
            "repository_url": "637423557273.dkr.ecr.ap-south-1.amazonaws.com/satyam_project",
            "tags": {},
            "tags_all": {},
            "timeouts": null
          },
          "sensitive_attributes": [],
          "private": "eyJlMmJmYjczMC1lY2FhLTExZTYtOGY4OC0zNDM2M2JjN2M0YzAiOnsiZGVsZXRlIjoxMjAwMDAwMDAwMDAwfX0=",
          "create_before_destroy": true
        }
      ]
    },
    {
      "module": "module.Lambda_function",
      "mode": "managed",
      "type": "aws_lambda_function",
      "name": "satyam_lambda_function",
      "provider": "provider[\"registry.terraform.io/hashicorp/aws\"]",
      "instances": [
        {
          "schema_version": 0,
          "attributes": {
            "architectures": [
              "x86_64"
            ],
            "arn": "arn:aws:lambda:ap-south-1:637423557273:function:satyam_lambda_function",
            "code_signing_config_arn": "",
            "dead_letter_config": [],
            "description": "",
            "environment": [],
            "ephemeral_storage": [
              {
                "size": 512
              }
            ],
            "file_system_config": [],
            "filename": null,
            "function_name": "satyam_lambda_function",
            "handler": "",
            "id": "satyam_lambda_function",
            "image_config": [],
            "image_uri": "637423557273.dkr.ecr.ap-south-1.amazonaws.com/satyam_project:latest",
            "invoke_arn": "arn:aws:apigateway:ap-south-1:lambda:path/2015-03-31/functions/arn:aws:lambda:ap-south-1:637423557273:function:satyam_lambda_function/invocations",
            "kms_key_arn": "",
            "last_modified": "2024-04-01T16:00:59.408+0000",
            "layers": null,
            "logging_config": [
              {
                "application_log_level": "",
                "log_format": "Text",
                "log_group": "/aws/lambda/satyam_lambda_function",
                "system_log_level": ""
              }
            ],
            "memory_size": 128,
            "package_type": "Image",
            "publish": false,
            "qualified_arn": "arn:aws:lambda:ap-south-1:637423557273:function:satyam_lambda_function:$LATEST",
            "qualified_invoke_arn": "arn:aws:apigateway:ap-south-1:lambda:path/2015-03-31/functions/arn:aws:lambda:ap-south-1:637423557273:function:satyam_lambda_function:$LATEST/invocations",
            "replace_security_groups_on_destroy": null,
            "replacement_security_group_ids": null,
            "reserved_concurrent_executions": -1,
            "role": "arn:aws:iam::637423557273:role/satyam_lambda_execution_role",
            "runtime": "",
            "s3_bucket": null,
            "s3_key": null,
            "s3_object_version": null,
            "signing_job_arn": "",
            "signing_profile_version_arn": "",
            "skip_destroy": false,
            "snap_start": [],
            "source_code_hash": "f6afcc32d0f470c694f6f11d3e1216e30c9fb82443883ea32d67f6921860fc67",
            "source_code_size": 0,
            "tags": null,
            "tags_all": {},
            "timeout": 3,
            "timeouts": null,
            "tracing_config": [
              {
                "mode": "PassThrough"
              }
            ],
            "version": "$LATEST",
            "vpc_config": []
          },
          "sensitive_attributes": [],
          "private": "eyJlMmJmYjczMC1lY2FhLTExZTYtOGY4OC0zNDM2M2JjN2M0YzAiOnsiY3JlYXRlIjo2MDAwMDAwMDAwMDAsImRlbGV0ZSI6NjAwMDAwMDAwMDAwLCJ1cGRhdGUiOjYwMDAwMDAwMDAwMH19",
          "dependencies": [
            "module.Ecr_repo.aws_ecr_repository.satyam_project",
            "module.lambda_role.aws_iam_role.satyam_lambda_execution_role"
          ],
          "create_before_destroy": true
        }
      ]
    },
    {
      "module": "module.api_gateway",
      "mode": "managed",
      "type": "aws_api_gateway_deployment",
      "name": "combined_deployment",
      "provider": "provider[\"registry.terraform.io/hashicorp/aws\"]",
      "instances": [
        {
          "schema_version": 0,
          "attributes": {
            "created_date": "2024-04-01T16:01:19Z",
            "description": "",
            "execution_arn": "arn:aws:execute-api:ap-south-1:637423557273:cc3pfgvwo6/",
            "id": "6uemsj",
            "invoke_url": "https://cc3pfgvwo6.execute-api.ap-south-1.amazonaws.com/",
            "rest_api_id": "cc3pfgvwo6",
            "stage_description": null,
            "stage_name": null,
            "triggers": {
              "redeployment": "4b262353040391ff9f278b86227f4e8c58e9b7b5"
            },
            "variables": null
          },
          "sensitive_attributes": [],
          "private": "bnVsbA==",
          "dependencies": [
            "module.Ecr_repo.aws_ecr_repository.satyam_project",
            "module.Lambda_function.aws_lambda_function.satyam_lambda_function",
            "module.api_gateway.aws_api_gateway_integration.employee_integration",
            "module.api_gateway.aws_api_gateway_integration.employees_integration",
            "module.api_gateway.aws_api_gateway_integration.status_integration",
            "module.api_gateway.aws_api_gateway_method.employee_method",
            "module.api_gateway.aws_api_gateway_method.employees_method",
            "module.api_gateway.aws_api_gateway_method.status_method",
            "module.api_gateway.aws_api_gateway_resource.employee",
            "module.api_gateway.aws_api_gateway_resource.employees_resource",
            "module.api_gateway.aws_api_gateway_resource.status",
            "module.api_gateway.aws_api_gateway_rest_api.EmployeeInfo",
            "module.lambda_role.aws_iam_role.satyam_lambda_execution_role"
          ],
          "create_before_destroy": true
        }
      ]
    },
    {
      "module": "module.api_gateway",
      "mode": "managed",
      "type": "aws_api_gateway_integration",
      "name": "employee_integration",
      "provider": "provider[\"registry.terraform.io/hashicorp/aws\"]",
      "instances": [
        {
          "index_key": 0,
          "schema_version": 0,
          "attributes": {
            "cache_key_parameters": null,
            "cache_namespace": "q10wwv",
            "connection_id": "",
            "connection_type": "INTERNET",
            "content_handling": "",
            "credentials": "",
            "http_method": "GET",
            "id": "agi-cc3pfgvwo6-q10wwv-GET",
            "integration_http_method": "POST",
            "passthrough_behavior": "WHEN_NO_MATCH",
            "request_parameters": null,
            "request_templates": null,
            "resource_id": "q10wwv",
            "rest_api_id": "cc3pfgvwo6",
            "timeout_milliseconds": 29000,
            "tls_config": [],
            "type": "AWS_PROXY",
            "uri": "arn:aws:apigateway:ap-south-1:lambda:path/2015-03-31/functions/arn:aws:lambda:ap-south-1:637423557273:function:satyam_lambda_function/invocations"
          },
          "sensitive_attributes": [],
          "private": "bnVsbA==",
          "dependencies": [
            "module.Ecr_repo.aws_ecr_repository.satyam_project",
            "module.Lambda_function.aws_lambda_function.satyam_lambda_function",
            "module.api_gateway.aws_api_gateway_method.employee_method",
            "module.api_gateway.aws_api_gateway_resource.employee",
            "module.api_gateway.aws_api_gateway_rest_api.EmployeeInfo",
            "module.lambda_role.aws_iam_role.satyam_lambda_execution_role"
          ],
          "create_before_destroy": true
        },
        {
          "index_key": 1,
          "schema_version": 0,
          "attributes": {
            "cache_key_parameters": null,
            "cache_namespace": "q10wwv",
            "connection_id": "",
            "connection_type": "INTERNET",
            "content_handling": "",
            "credentials": "",
            "http_method": "POST",
            "id": "agi-cc3pfgvwo6-q10wwv-POST",
            "integration_http_method": "POST",
            "passthrough_behavior": "WHEN_NO_MATCH",
            "request_parameters": null,
            "request_templates": null,
            "resource_id": "q10wwv",
            "rest_api_id": "cc3pfgvwo6",
            "timeout_milliseconds": 29000,
            "tls_config": [],
            "type": "AWS_PROXY",
            "uri": "arn:aws:apigateway:ap-south-1:lambda:path/2015-03-31/functions/arn:aws:lambda:ap-south-1:637423557273:function:satyam_lambda_function/invocations"
          },
          "sensitive_attributes": [],
          "private": "bnVsbA==",
          "dependencies": [
            "module.Ecr_repo.aws_ecr_repository.satyam_project",
            "module.Lambda_function.aws_lambda_function.satyam_lambda_function",
            "module.api_gateway.aws_api_gateway_method.employee_method",
            "module.api_gateway.aws_api_gateway_resource.employee",
            "module.api_gateway.aws_api_gateway_rest_api.EmployeeInfo",
            "module.lambda_role.aws_iam_role.satyam_lambda_execution_role"
          ],
          "create_before_destroy": true
        },
        {
          "index_key": 2,
          "schema_version": 0,
          "attributes": {
            "cache_key_parameters": null,
            "cache_namespace": "q10wwv",
            "connection_id": "",
            "connection_type": "INTERNET",
            "content_handling": "",
            "credentials": "",
            "http_method": "DELETE",
            "id": "agi-cc3pfgvwo6-q10wwv-DELETE",
            "integration_http_method": "POST",
            "passthrough_behavior": "WHEN_NO_MATCH",
            "request_parameters": null,
            "request_templates": null,
            "resource_id": "q10wwv",
            "rest_api_id": "cc3pfgvwo6",
            "timeout_milliseconds": 29000,
            "tls_config": [],
            "type": "AWS_PROXY",
            "uri": "arn:aws:apigateway:ap-south-1:lambda:path/2015-03-31/functions/arn:aws:lambda:ap-south-1:637423557273:function:satyam_lambda_function/invocations"
          },
          "sensitive_attributes": [],
          "private": "bnVsbA==",
          "dependencies": [
            "module.Ecr_repo.aws_ecr_repository.satyam_project",
            "module.Lambda_function.aws_lambda_function.satyam_lambda_function",
            "module.api_gateway.aws_api_gateway_method.employee_method",
            "module.api_gateway.aws_api_gateway_resource.employee",
            "module.api_gateway.aws_api_gateway_rest_api.EmployeeInfo",
            "module.lambda_role.aws_iam_role.satyam_lambda_execution_role"
          ],
          "create_before_destroy": true
        },
        {
          "index_key": 3,
          "schema_version": 0,
          "attributes": {
            "cache_key_parameters": null,
            "cache_namespace": "q10wwv",
            "connection_id": "",
            "connection_type": "INTERNET",
            "content_handling": "",
            "credentials": "",
            "http_method": "PATCH",
            "id": "agi-cc3pfgvwo6-q10wwv-PATCH",
            "integration_http_method": "POST",
            "passthrough_behavior": "WHEN_NO_MATCH",
            "request_parameters": null,
            "request_templates": null,
            "resource_id": "q10wwv",
            "rest_api_id": "cc3pfgvwo6",
            "timeout_milliseconds": 29000,
            "tls_config": [],
            "type": "AWS_PROXY",
            "uri": "arn:aws:apigateway:ap-south-1:lambda:path/2015-03-31/functions/arn:aws:lambda:ap-south-1:637423557273:function:satyam_lambda_function/invocations"
          },
          "sensitive_attributes": [],
          "private": "bnVsbA==",
          "dependencies": [
            "module.Ecr_repo.aws_ecr_repository.satyam_project",
            "module.Lambda_function.aws_lambda_function.satyam_lambda_function",
            "module.api_gateway.aws_api_gateway_method.employee_method",
            "module.api_gateway.aws_api_gateway_resource.employee",
            "module.api_gateway.aws_api_gateway_rest_api.EmployeeInfo",
            "module.lambda_role.aws_iam_role.satyam_lambda_execution_role"
          ],
          "create_before_destroy": true
        },
        {
          "index_key": 4,
          "schema_version": 0,
          "attributes": {
            "cache_key_parameters": null,
            "cache_namespace": "q10wwv",
            "connection_id": "",
            "connection_type": "INTERNET",
            "content_handling": "",
            "credentials": "",
            "http_method": "PUT",
            "id": "agi-cc3pfgvwo6-q10wwv-PUT",
            "integration_http_method": "POST",
            "passthrough_behavior": "WHEN_NO_MATCH",
            "request_parameters": null,
            "request_templates": null,
            "resource_id": "q10wwv",
            "rest_api_id": "cc3pfgvwo6",
            "timeout_milliseconds": 29000,
            "tls_config": [],
            "type": "AWS_PROXY",
            "uri": "arn:aws:apigateway:ap-south-1:lambda:path/2015-03-31/functions/arn:aws:lambda:ap-south-1:637423557273:function:satyam_lambda_function/invocations"
          },
          "sensitive_attributes": [],
          "private": "bnVsbA==",
          "dependencies": [
            "module.Ecr_repo.aws_ecr_repository.satyam_project",
            "module.Lambda_function.aws_lambda_function.satyam_lambda_function",
            "module.api_gateway.aws_api_gateway_method.employee_method",
            "module.api_gateway.aws_api_gateway_resource.employee",
            "module.api_gateway.aws_api_gateway_rest_api.EmployeeInfo",
            "module.lambda_role.aws_iam_role.satyam_lambda_execution_role"
          ],
          "create_before_destroy": true
        }
      ]
    },
    {
      "module": "module.api_gateway",
      "mode": "managed",
      "type": "aws_api_gateway_integration",
      "name": "employees_integration",
      "provider": "provider[\"registry.terraform.io/hashicorp/aws\"]",
      "instances": [
        {
          "index_key": 0,
          "schema_version": 0,
          "attributes": {
            "cache_key_parameters": null,
            "cache_namespace": "1rmk0x",
            "connection_id": "",
            "connection_type": "INTERNET",
            "content_handling": "",
            "credentials": "",
            "http_method": "GET",
            "id": "agi-cc3pfgvwo6-1rmk0x-GET",
            "integration_http_method": "POST",
            "passthrough_behavior": "WHEN_NO_MATCH",
            "request_parameters": null,
            "request_templates": null,
            "resource_id": "1rmk0x",
            "rest_api_id": "cc3pfgvwo6",
            "timeout_milliseconds": 29000,
            "tls_config": [],
            "type": "AWS_PROXY",
            "uri": "arn:aws:apigateway:ap-south-1:lambda:path/2015-03-31/functions/arn:aws:lambda:ap-south-1:637423557273:function:satyam_lambda_function/invocations"
          },
          "sensitive_attributes": [],
          "private": "bnVsbA==",
          "dependencies": [
            "module.Ecr_repo.aws_ecr_repository.satyam_project",
            "module.Lambda_function.aws_lambda_function.satyam_lambda_function",
            "module.api_gateway.aws_api_gateway_method.employees_method",
            "module.api_gateway.aws_api_gateway_resource.employees_resource",
            "module.api_gateway.aws_api_gateway_rest_api.EmployeeInfo",
            "module.lambda_role.aws_iam_role.satyam_lambda_execution_role"
          ],
          "create_before_destroy": true
        }
      ]
    },
    {
      "module": "module.api_gateway",
      "mode": "managed",
      "type": "aws_api_gateway_integration",
      "name": "status_integration",
      "provider": "provider[\"registry.terraform.io/hashicorp/aws\"]",
      "instances": [
        {
          "index_key": 0,
          "schema_version": 0,
          "attributes": {
            "cache_key_parameters": null,
            "cache_namespace": "p0b74t",
            "connection_id": "",
            "connection_type": "INTERNET",
            "content_handling": "",
            "credentials": "",
            "http_method": "GET",
            "id": "agi-cc3pfgvwo6-p0b74t-GET",
            "integration_http_method": "POST",
            "passthrough_behavior": "WHEN_NO_MATCH",
            "request_parameters": null,
            "request_templates": null,
            "resource_id": "p0b74t",
            "rest_api_id": "cc3pfgvwo6",
            "timeout_milliseconds": 29000,
            "tls_config": [],
            "type": "AWS_PROXY",
            "uri": "arn:aws:apigateway:ap-south-1:lambda:path/2015-03-31/functions/arn:aws:lambda:ap-south-1:637423557273:function:satyam_lambda_function/invocations"
          },
          "sensitive_attributes": [],
          "private": "bnVsbA==",
          "dependencies": [
            "module.Ecr_repo.aws_ecr_repository.satyam_project",
            "module.Lambda_function.aws_lambda_function.satyam_lambda_function",
            "module.api_gateway.aws_api_gateway_method.status_method",
            "module.api_gateway.aws_api_gateway_resource.status",
            "module.api_gateway.aws_api_gateway_rest_api.EmployeeInfo",
            "module.lambda_role.aws_iam_role.satyam_lambda_execution_role"
          ],
          "create_before_destroy": true
        }
      ]
    },
    {
      "module": "module.api_gateway",
      "mode": "managed",
      "type": "aws_api_gateway_integration_response",
      "name": "integration_response_employee",
      "provider": "provider[\"registry.terraform.io/hashicorp/aws\"]",
      "instances": [
        {
          "index_key": 0,
          "schema_version": 0,
          "attributes": {
            "content_handling": "",
            "http_method": "GET",
            "id": "agir-cc3pfgvwo6-q10wwv-GET-200",
            "resource_id": "q10wwv",
            "response_parameters": {
              "method.response.header.Access-Control-Allow-Origin": "'*'"
            },
            "response_templates": null,
            "rest_api_id": "cc3pfgvwo6",
            "selection_pattern": "",
            "status_code": "200"
          },
          "sensitive_attributes": [],
          "private": "bnVsbA==",
          "dependencies": [
            "module.Ecr_repo.aws_ecr_repository.satyam_project",
            "module.Lambda_function.aws_lambda_function.satyam_lambda_function",
            "module.api_gateway.aws_api_gateway_integration.employee_integration",
            "module.api_gateway.aws_api_gateway_method.employee_method",
            "module.api_gateway.aws_api_gateway_resource.employee",
            "module.api_gateway.aws_api_gateway_rest_api.EmployeeInfo",
            "module.lambda_role.aws_iam_role.satyam_lambda_execution_role"
          ]
        },
        {
          "index_key": 1,
          "schema_version": 0,
          "attributes": {
            "content_handling": "",
            "http_method": "POST",
            "id": "agir-cc3pfgvwo6-q10wwv-POST-200",
            "resource_id": "q10wwv",
            "response_parameters": {
              "method.response.header.Access-Control-Allow-Origin": "'*'"
            },
            "response_templates": null,
            "rest_api_id": "cc3pfgvwo6",
            "selection_pattern": "",
            "status_code": "200"
          },
          "sensitive_attributes": [],
          "private": "bnVsbA==",
          "dependencies": [
            "module.Ecr_repo.aws_ecr_repository.satyam_project",
            "module.Lambda_function.aws_lambda_function.satyam_lambda_function",
            "module.api_gateway.aws_api_gateway_integration.employee_integration",
            "module.api_gateway.aws_api_gateway_method.employee_method",
            "module.api_gateway.aws_api_gateway_resource.employee",
            "module.api_gateway.aws_api_gateway_rest_api.EmployeeInfo",
            "module.lambda_role.aws_iam_role.satyam_lambda_execution_role"
          ]
        },
        {
          "index_key": 2,
          "schema_version": 0,
          "attributes": {
            "content_handling": "",
            "http_method": "DELETE",
            "id": "agir-cc3pfgvwo6-q10wwv-DELETE-200",
            "resource_id": "q10wwv",
            "response_parameters": {
              "method.response.header.Access-Control-Allow-Origin": "'*'"
            },
            "response_templates": null,
            "rest_api_id": "cc3pfgvwo6",
            "selection_pattern": "",
            "status_code": "200"
          },
          "sensitive_attributes": [],
          "private": "bnVsbA==",
          "dependencies": [
            "module.Ecr_repo.aws_ecr_repository.satyam_project",
            "module.Lambda_function.aws_lambda_function.satyam_lambda_function",
            "module.api_gateway.aws_api_gateway_integration.employee_integration",
            "module.api_gateway.aws_api_gateway_method.employee_method",
            "module.api_gateway.aws_api_gateway_resource.employee",
            "module.api_gateway.aws_api_gateway_rest_api.EmployeeInfo",
            "module.lambda_role.aws_iam_role.satyam_lambda_execution_role"
          ]
        },
        {
          "index_key": 3,
          "schema_version": 0,
          "attributes": {
            "content_handling": "",
            "http_method": "PATCH",
            "id": "agir-cc3pfgvwo6-q10wwv-PATCH-200",
            "resource_id": "q10wwv",
            "response_parameters": {
              "method.response.header.Access-Control-Allow-Origin": "'*'"
            },
            "response_templates": null,
            "rest_api_id": "cc3pfgvwo6",
            "selection_pattern": "",
            "status_code": "200"
          },
          "sensitive_attributes": [],
          "private": "bnVsbA==",
          "dependencies": [
            "module.Ecr_repo.aws_ecr_repository.satyam_project",
            "module.Lambda_function.aws_lambda_function.satyam_lambda_function",
            "module.api_gateway.aws_api_gateway_integration.employee_integration",
            "module.api_gateway.aws_api_gateway_method.employee_method",
            "module.api_gateway.aws_api_gateway_resource.employee",
            "module.api_gateway.aws_api_gateway_rest_api.EmployeeInfo",
            "module.lambda_role.aws_iam_role.satyam_lambda_execution_role"
          ]
        },
        {
          "index_key": 4,
          "schema_version": 0,
          "attributes": {
            "content_handling": "",
            "http_method": "PUT",
            "id": "agir-cc3pfgvwo6-q10wwv-PUT-200",
            "resource_id": "q10wwv",
            "response_parameters": {
              "method.response.header.Access-Control-Allow-Origin": "'*'"
            },
            "response_templates": null,
            "rest_api_id": "cc3pfgvwo6",
            "selection_pattern": "",
            "status_code": "200"
          },
          "sensitive_attributes": [],
          "private": "bnVsbA==",
          "dependencies": [
            "module.Ecr_repo.aws_ecr_repository.satyam_project",
            "module.Lambda_function.aws_lambda_function.satyam_lambda_function",
            "module.api_gateway.aws_api_gateway_integration.employee_integration",
            "module.api_gateway.aws_api_gateway_method.employee_method",
            "module.api_gateway.aws_api_gateway_resource.employee",
            "module.api_gateway.aws_api_gateway_rest_api.EmployeeInfo",
            "module.lambda_role.aws_iam_role.satyam_lambda_execution_role"
          ]
        }
      ]
    },
    {
      "module": "module.api_gateway",
      "mode": "managed",
      "type": "aws_api_gateway_integration_response",
      "name": "integration_response_employees",
      "provider": "provider[\"registry.terraform.io/hashicorp/aws\"]",
      "instances": [
        {
          "index_key": 0,
          "schema_version": 0,
          "attributes": {
            "content_handling": "",
            "http_method": "GET",
            "id": "agir-cc3pfgvwo6-1rmk0x-GET-200",
            "resource_id": "1rmk0x",
            "response_parameters": {
              "method.response.header.Access-Control-Allow-Origin": "'*'"
            },
            "response_templates": null,
            "rest_api_id": "cc3pfgvwo6",
            "selection_pattern": "",
            "status_code": "200"
          },
          "sensitive_attributes": [],
          "private": "bnVsbA==",
          "dependencies": [
            "module.Ecr_repo.aws_ecr_repository.satyam_project",
            "module.Lambda_function.aws_lambda_function.satyam_lambda_function",
            "module.api_gateway.aws_api_gateway_integration.employees_integration",
            "module.api_gateway.aws_api_gateway_method.employees_method",
            "module.api_gateway.aws_api_gateway_resource.employees_resource",
            "module.api_gateway.aws_api_gateway_rest_api.EmployeeInfo",
            "module.lambda_role.aws_iam_role.satyam_lambda_execution_role"
          ]
        }
      ]
    },
    {
      "module": "module.api_gateway",
      "mode": "managed",
      "type": "aws_api_gateway_integration_response",
      "name": "integration_response_status",
      "provider": "provider[\"registry.terraform.io/hashicorp/aws\"]",
      "instances": [
        {
          "index_key": 0,
          "schema_version": 0,
          "attributes": {
            "content_handling": "",
            "http_method": "GET",
            "id": "agir-cc3pfgvwo6-p0b74t-GET-200",
            "resource_id": "p0b74t",
            "response_parameters": {
              "method.response.header.Access-Control-Allow-Origin": "'*'"
            },
            "response_templates": null,
            "rest_api_id": "cc3pfgvwo6",
            "selection_pattern": "",
            "status_code": "200"
          },
          "sensitive_attributes": [],
          "private": "bnVsbA==",
          "dependencies": [
            "module.Ecr_repo.aws_ecr_repository.satyam_project",
            "module.Lambda_function.aws_lambda_function.satyam_lambda_function",
            "module.api_gateway.aws_api_gateway_integration.status_integration",
            "module.api_gateway.aws_api_gateway_method.status_method",
            "module.api_gateway.aws_api_gateway_resource.status",
            "module.api_gateway.aws_api_gateway_rest_api.EmployeeInfo",
            "module.lambda_role.aws_iam_role.satyam_lambda_execution_role"
          ]
        }
      ]
    },
    {
      "module": "module.api_gateway",
      "mode": "managed",
      "type": "aws_api_gateway_method",
      "name": "employee_method",
      "provider": "provider[\"registry.terraform.io/hashicorp/aws\"]",
      "instances": [
        {
          "index_key": 0,
          "schema_version": 0,
          "attributes": {
            "api_key_required": false,
            "authorization": "NONE",
            "authorization_scopes": [],
            "authorizer_id": "",
            "http_method": "GET",
            "id": "agm-cc3pfgvwo6-q10wwv-GET",
            "operation_name": "",
            "request_models": {},
            "request_parameters": {},
            "request_validator_id": "",
            "resource_id": "q10wwv",
            "rest_api_id": "cc3pfgvwo6"
          },
          "sensitive_attributes": [],
          "private": "bnVsbA==",
          "dependencies": [
            "module.api_gateway.aws_api_gateway_resource.employee",
            "module.api_gateway.aws_api_gateway_rest_api.EmployeeInfo"
          ],
          "create_before_destroy": true
        },
        {
          "index_key": 1,
          "schema_version": 0,
          "attributes": {
            "api_key_required": false,
            "authorization": "NONE",
            "authorization_scopes": [],
            "authorizer_id": "",
            "http_method": "POST",
            "id": "agm-cc3pfgvwo6-q10wwv-POST",
            "operation_name": "",
            "request_models": {},
            "request_parameters": {},
            "request_validator_id": "",
            "resource_id": "q10wwv",
            "rest_api_id": "cc3pfgvwo6"
          },
          "sensitive_attributes": [],
          "private": "bnVsbA==",
          "dependencies": [
            "module.api_gateway.aws_api_gateway_resource.employee",
            "module.api_gateway.aws_api_gateway_rest_api.EmployeeInfo"
          ],
          "create_before_destroy": true
        },
        {
          "index_key": 2,
          "schema_version": 0,
          "attributes": {
            "api_key_required": false,
            "authorization": "NONE",
            "authorization_scopes": [],
            "authorizer_id": "",
            "http_method": "DELETE",
            "id": "agm-cc3pfgvwo6-q10wwv-DELETE",
            "operation_name": "",
            "request_models": {},
            "request_parameters": {},
            "request_validator_id": "",
            "resource_id": "q10wwv",
            "rest_api_id": "cc3pfgvwo6"
          },
          "sensitive_attributes": [],
          "private": "bnVsbA==",
          "dependencies": [
            "module.api_gateway.aws_api_gateway_resource.employee",
            "module.api_gateway.aws_api_gateway_rest_api.EmployeeInfo"
          ],
          "create_before_destroy": true
        },
        {
          "index_key": 3,
          "schema_version": 0,
          "attributes": {
            "api_key_required": false,
            "authorization": "NONE",
            "authorization_scopes": [],
            "authorizer_id": "",
            "http_method": "PATCH",
            "id": "agm-cc3pfgvwo6-q10wwv-PATCH",
            "operation_name": "",
            "request_models": {},
            "request_parameters": {},
            "request_validator_id": "",
            "resource_id": "q10wwv",
            "rest_api_id": "cc3pfgvwo6"
          },
          "sensitive_attributes": [],
          "private": "bnVsbA==",
          "dependencies": [
            "module.api_gateway.aws_api_gateway_resource.employee",
            "module.api_gateway.aws_api_gateway_rest_api.EmployeeInfo"
          ],
          "create_before_destroy": true
        },
        {
          "index_key": 4,
          "schema_version": 0,
          "attributes": {
            "api_key_required": false,
            "authorization": "NONE",
            "authorization_scopes": [],
            "authorizer_id": "",
            "http_method": "PUT",
            "id": "agm-cc3pfgvwo6-q10wwv-PUT",
            "operation_name": "",
            "request_models": {},
            "request_parameters": {},
            "request_validator_id": "",
            "resource_id": "q10wwv",
            "rest_api_id": "cc3pfgvwo6"
          },
          "sensitive_attributes": [],
          "private": "bnVsbA==",
          "dependencies": [
            "module.api_gateway.aws_api_gateway_resource.employee",
            "module.api_gateway.aws_api_gateway_rest_api.EmployeeInfo"
          ],
          "create_before_destroy": true
        }
      ]
    },
    {
      "module": "module.api_gateway",
      "mode": "managed",
      "type": "aws_api_gateway_method",
      "name": "employees_method",
      "provider": "provider[\"registry.terraform.io/hashicorp/aws\"]",
      "instances": [
        {
          "index_key": 0,
          "schema_version": 0,
          "attributes": {
            "api_key_required": false,
            "authorization": "NONE",
            "authorization_scopes": [],
            "authorizer_id": "",
            "http_method": "GET",
            "id": "agm-cc3pfgvwo6-1rmk0x-GET",
            "operation_name": "",
            "request_models": {},
            "request_parameters": {},
            "request_validator_id": "",
            "resource_id": "1rmk0x",
            "rest_api_id": "cc3pfgvwo6"
          },
          "sensitive_attributes": [],
          "private": "bnVsbA==",
          "dependencies": [
            "module.api_gateway.aws_api_gateway_resource.employees_resource",
            "module.api_gateway.aws_api_gateway_rest_api.EmployeeInfo"
          ],
          "create_before_destroy": true
        }
      ]
    },
    {
      "module": "module.api_gateway",
      "mode": "managed",
      "type": "aws_api_gateway_method",
      "name": "status_method",
      "provider": "provider[\"registry.terraform.io/hashicorp/aws\"]",
      "instances": [
        {
          "index_key": 0,
          "schema_version": 0,
          "attributes": {
            "api_key_required": false,
            "authorization": "NONE",
            "authorization_scopes": [],
            "authorizer_id": "",
            "http_method": "GET",
            "id": "agm-cc3pfgvwo6-p0b74t-GET",
            "operation_name": "",
            "request_models": {},
            "request_parameters": {},
            "request_validator_id": "",
            "resource_id": "p0b74t",
            "rest_api_id": "cc3pfgvwo6"
          },
          "sensitive_attributes": [],
          "private": "bnVsbA==",
          "dependencies": [
            "module.api_gateway.aws_api_gateway_resource.status",
            "module.api_gateway.aws_api_gateway_rest_api.EmployeeInfo"
          ],
          "create_before_destroy": true
        }
      ]
    },
    {
      "module": "module.api_gateway",
      "mode": "managed",
      "type": "aws_api_gateway_method_response",
      "name": "method_response_employee",
      "provider": "provider[\"registry.terraform.io/hashicorp/aws\"]",
      "instances": [
        {
          "index_key": 0,
          "schema_version": 0,
          "attributes": {
            "http_method": "GET",
            "id": "agmr-cc3pfgvwo6-q10wwv-GET-200",
            "resource_id": "q10wwv",
            "response_models": {},
            "response_parameters": {
              "method.response.header.Access-Control-Allow-Origin": true
            },
            "rest_api_id": "cc3pfgvwo6",
            "status_code": "200"
          },
          "sensitive_attributes": [],
          "private": "bnVsbA==",
          "dependencies": [
            "module.api_gateway.aws_api_gateway_method.employee_method",
            "module.api_gateway.aws_api_gateway_resource.employee",
            "module.api_gateway.aws_api_gateway_rest_api.EmployeeInfo"
          ]
        },
        {
          "index_key": 1,
          "schema_version": 0,
          "attributes": {
            "http_method": "POST",
            "id": "agmr-cc3pfgvwo6-q10wwv-POST-200",
            "resource_id": "q10wwv",
            "response_models": {},
            "response_parameters": {
              "method.response.header.Access-Control-Allow-Origin": true
            },
            "rest_api_id": "cc3pfgvwo6",
            "status_code": "200"
          },
          "sensitive_attributes": [],
          "private": "bnVsbA==",
          "dependencies": [
            "module.api_gateway.aws_api_gateway_method.employee_method",
            "module.api_gateway.aws_api_gateway_resource.employee",
            "module.api_gateway.aws_api_gateway_rest_api.EmployeeInfo"
          ]
        },
        {
          "index_key": 2,
          "schema_version": 0,
          "attributes": {
            "http_method": "DELETE",
            "id": "agmr-cc3pfgvwo6-q10wwv-DELETE-200",
            "resource_id": "q10wwv",
            "response_models": {},
            "response_parameters": {
              "method.response.header.Access-Control-Allow-Origin": true
            },
            "rest_api_id": "cc3pfgvwo6",
            "status_code": "200"
          },
          "sensitive_attributes": [],
          "private": "bnVsbA==",
          "dependencies": [
            "module.api_gateway.aws_api_gateway_method.employee_method",
            "module.api_gateway.aws_api_gateway_resource.employee",
            "module.api_gateway.aws_api_gateway_rest_api.EmployeeInfo"
          ]
        },
        {
          "index_key": 3,
          "schema_version": 0,
          "attributes": {
            "http_method": "PATCH",
            "id": "agmr-cc3pfgvwo6-q10wwv-PATCH-200",
            "resource_id": "q10wwv",
            "response_models": {},
            "response_parameters": {
              "method.response.header.Access-Control-Allow-Origin": true
            },
            "rest_api_id": "cc3pfgvwo6",
            "status_code": "200"
          },
          "sensitive_attributes": [],
          "private": "bnVsbA==",
          "dependencies": [
            "module.api_gateway.aws_api_gateway_method.employee_method",
            "module.api_gateway.aws_api_gateway_resource.employee",
            "module.api_gateway.aws_api_gateway_rest_api.EmployeeInfo"
          ]
        },
        {
          "index_key": 4,
          "schema_version": 0,
          "attributes": {
            "http_method": "PUT",
            "id": "agmr-cc3pfgvwo6-q10wwv-PUT-200",
            "resource_id": "q10wwv",
            "response_models": {},
            "response_parameters": {
              "method.response.header.Access-Control-Allow-Origin": true
            },
            "rest_api_id": "cc3pfgvwo6",
            "status_code": "200"
          },
          "sensitive_attributes": [],
          "private": "bnVsbA==",
          "dependencies": [
            "module.api_gateway.aws_api_gateway_method.employee_method",
            "module.api_gateway.aws_api_gateway_resource.employee",
            "module.api_gateway.aws_api_gateway_rest_api.EmployeeInfo"
          ]
        }
      ]
    },
    {
      "module": "module.api_gateway",
      "mode": "managed",
      "type": "aws_api_gateway_method_response",
      "name": "method_response_employees",
      "provider": "provider[\"registry.terraform.io/hashicorp/aws\"]",
      "instances": [
        {
          "index_key": 0,
          "schema_version": 0,
          "attributes": {
            "http_method": "GET",
            "id": "agmr-cc3pfgvwo6-1rmk0x-GET-200",
            "resource_id": "1rmk0x",
            "response_models": {},
            "response_parameters": {
              "method.response.header.Access-Control-Allow-Origin": true
            },
            "rest_api_id": "cc3pfgvwo6",
            "status_code": "200"
          },
          "sensitive_attributes": [],
          "private": "bnVsbA==",
          "dependencies": [
            "module.api_gateway.aws_api_gateway_method.employees_method",
            "module.api_gateway.aws_api_gateway_resource.employees_resource",
            "module.api_gateway.aws_api_gateway_rest_api.EmployeeInfo"
          ]
        }
      ]
    },
    {
      "module": "module.api_gateway",
      "mode": "managed",
      "type": "aws_api_gateway_method_response",
      "name": "method_response_status",
      "provider": "provider[\"registry.terraform.io/hashicorp/aws\"]",
      "instances": [
        {
          "index_key": 0,
          "schema_version": 0,
          "attributes": {
            "http_method": "GET",
            "id": "agmr-cc3pfgvwo6-p0b74t-GET-200",
            "resource_id": "p0b74t",
            "response_models": {},
            "response_parameters": {
              "method.response.header.Access-Control-Allow-Origin": true
            },
            "rest_api_id": "cc3pfgvwo6",
            "status_code": "200"
          },
          "sensitive_attributes": [],
          "private": "bnVsbA==",
          "dependencies": [
            "module.api_gateway.aws_api_gateway_method.status_method",
            "module.api_gateway.aws_api_gateway_resource.status",
            "module.api_gateway.aws_api_gateway_rest_api.EmployeeInfo"
          ]
        }
      ]
    },
    {
      "module": "module.api_gateway",
      "mode": "managed",
      "type": "aws_api_gateway_resource",
      "name": "employee",
      "provider": "provider[\"registry.terraform.io/hashicorp/aws\"]",
      "instances": [
        {
          "schema_version": 0,
          "attributes": {
            "id": "q10wwv",
            "parent_id": "mlogc5m8ag",
            "path": "/employee",
            "path_part": "employee",
            "rest_api_id": "cc3pfgvwo6"
          },
          "sensitive_attributes": [],
          "private": "bnVsbA==",
          "dependencies": [
            "module.api_gateway.aws_api_gateway_rest_api.EmployeeInfo"
          ],
          "create_before_destroy": true
        }
      ]
    },
    {
      "module": "module.api_gateway",
      "mode": "managed",
      "type": "aws_api_gateway_resource",
      "name": "employees_resource",
      "provider": "provider[\"registry.terraform.io/hashicorp/aws\"]",
      "instances": [
        {
          "schema_version": 0,
          "attributes": {
            "id": "1rmk0x",
            "parent_id": "mlogc5m8ag",
            "path": "/employees",
            "path_part": "employees",
            "rest_api_id": "cc3pfgvwo6"
          },
          "sensitive_attributes": [],
          "private": "bnVsbA==",
          "dependencies": [
            "module.api_gateway.aws_api_gateway_rest_api.EmployeeInfo"
          ],
          "create_before_destroy": true
        }
      ]
    },
    {
      "module": "module.api_gateway",
      "mode": "managed",
      "type": "aws_api_gateway_resource",
      "name": "status",
      "provider": "provider[\"registry.terraform.io/hashicorp/aws\"]",
      "instances": [
        {
          "schema_version": 0,
          "attributes": {
            "id": "p0b74t",
            "parent_id": "mlogc5m8ag",
            "path": "/status",
            "path_part": "status",
            "rest_api_id": "cc3pfgvwo6"
          },
          "sensitive_attributes": [],
          "private": "bnVsbA==",
          "dependencies": [
            "module.api_gateway.aws_api_gateway_rest_api.EmployeeInfo"
          ],
          "create_before_destroy": true
        }
      ]
    },
    {
      "module": "module.api_gateway",
      "mode": "managed",
      "type": "aws_api_gateway_rest_api",
      "name": "EmployeeInfo",
      "provider": "provider[\"registry.terraform.io/hashicorp/aws\"]",
      "instances": [
        {
          "schema_version": 0,
          "attributes": {
            "api_key_source": "HEADER",
            "arn": "arn:aws:apigateway:ap-south-1::/restapis/cc3pfgvwo6",
            "binary_media_types": [],
            "body": null,
            "created_date": "2024-04-01T15:55:54Z",
            "description": "",
            "disable_execute_api_endpoint": false,
            "endpoint_configuration": [
              {
                "types": [
                  "EDGE"
                ],
                "vpc_endpoint_ids": []
              }
            ],
            "execution_arn": "arn:aws:execute-api:ap-south-1:637423557273:cc3pfgvwo6",
            "fail_on_warnings": null,
            "id": "cc3pfgvwo6",
            "minimum_compression_size": "",
            "name": "EmployeeInfo",
            "parameters": null,
            "policy": "",
            "put_rest_api_mode": null,
            "root_resource_id": "mlogc5m8ag",
            "tags": {},
            "tags_all": {}
          },
          "sensitive_attributes": [],
          "private": "bnVsbA==",
          "create_before_destroy": true
        }
      ]
    },
    {
      "module": "module.api_gateway",
      "mode": "managed",
      "type": "aws_api_gateway_stage",
      "name": "Dev_Stage",
      "provider": "provider[\"registry.terraform.io/hashicorp/aws\"]",
      "instances": [
        {
          "schema_version": 0,
          "attributes": {
            "access_log_settings": [],
            "arn": "arn:aws:apigateway:ap-south-1::/restapis/cc3pfgvwo6/stages/dev",
            "cache_cluster_enabled": false,
            "cache_cluster_size": "",
            "canary_settings": [],
            "client_certificate_id": "",
            "deployment_id": "6uemsj",
            "description": "",
            "documentation_version": "",
            "execution_arn": "arn:aws:execute-api:ap-south-1:637423557273:cc3pfgvwo6/dev",
            "id": "ags-cc3pfgvwo6-dev",
            "invoke_url": "https://cc3pfgvwo6.execute-api.ap-south-1.amazonaws.com/dev",
            "rest_api_id": "cc3pfgvwo6",
            "stage_name": "dev",
            "tags": null,
            "tags_all": {},
            "variables": null,
            "web_acl_arn": "",
            "xray_tracing_enabled": false
          },
          "sensitive_attributes": [],
          "private": "bnVsbA==",
          "dependencies": [
            "module.Ecr_repo.aws_ecr_repository.satyam_project",
            "module.Lambda_function.aws_lambda_function.satyam_lambda_function",
            "module.api_gateway.aws_api_gateway_deployment.combined_deployment",
            "module.api_gateway.aws_api_gateway_integration.employee_integration",
            "module.api_gateway.aws_api_gateway_integration.employees_integration",
            "module.api_gateway.aws_api_gateway_integration.status_integration",
            "module.api_gateway.aws_api_gateway_method.employee_method",
            "module.api_gateway.aws_api_gateway_method.employees_method",
            "module.api_gateway.aws_api_gateway_method.status_method",
            "module.api_gateway.aws_api_gateway_resource.employee",
            "module.api_gateway.aws_api_gateway_resource.employees_resource",
            "module.api_gateway.aws_api_gateway_resource.status",
            "module.api_gateway.aws_api_gateway_rest_api.EmployeeInfo",
            "module.lambda_role.aws_iam_role.satyam_lambda_execution_role"
          ]
        }
      ]
    },
    {
      "module": "module.api_gateway",
      "mode": "managed",
      "type": "aws_lambda_permission",
      "name": "apigw_lambda1",
      "provider": "provider[\"registry.terraform.io/hashicorp/aws\"]",
      "instances": [
        {
          "index_key": 0,
          "schema_version": 0,
          "attributes": {
            "action": "lambda:InvokeFunction",
            "event_source_token": null,
            "function_name": "arn:aws:lambda:ap-south-1:637423557273:function:satyam_lambda_function",
            "function_url_auth_type": null,
            "id": "AllowExecutionFromAPIGateway_status_0",
            "principal": "apigateway.amazonaws.com",
            "principal_org_id": null,
            "qualifier": "",
            "source_account": null,
            "source_arn": "arn:aws:execute-api:ap-south-1:637423557273:cc3pfgvwo6/*/GET/status",
            "statement_id": "AllowExecutionFromAPIGateway_status_0",
            "statement_id_prefix": ""
          },
          "sensitive_attributes": [],
          "private": "bnVsbA==",
          "dependencies": [
            "module.Ecr_repo.aws_ecr_repository.satyam_project",
            "module.Lambda_function.aws_lambda_function.satyam_lambda_function",
            "module.api_gateway.aws_api_gateway_method.status_method",
            "module.api_gateway.aws_api_gateway_resource.status",
            "module.api_gateway.aws_api_gateway_rest_api.EmployeeInfo",
            "module.lambda_role.aws_iam_role.satyam_lambda_execution_role"
          ]
        }
      ]
    },
    {
      "module": "module.api_gateway",
      "mode": "managed",
      "type": "aws_lambda_permission",
      "name": "apigw_lambda2",
      "provider": "provider[\"registry.terraform.io/hashicorp/aws\"]",
      "instances": [
        {
          "index_key": 0,
          "schema_version": 0,
          "attributes": {
            "action": "lambda:InvokeFunction",
            "event_source_token": null,
            "function_name": "arn:aws:lambda:ap-south-1:637423557273:function:satyam_lambda_function",
            "function_url_auth_type": null,
            "id": "AllowExecutionFromAPIGateway_employee_0",
            "principal": "apigateway.amazonaws.com",
            "principal_org_id": null,
            "qualifier": "",
            "source_account": null,
            "source_arn": "arn:aws:execute-api:ap-south-1:637423557273:cc3pfgvwo6/*/GET/employee",
            "statement_id": "AllowExecutionFromAPIGateway_employee_0",
            "statement_id_prefix": ""
          },
          "sensitive_attributes": [],
          "private": "bnVsbA==",
          "dependencies": [
            "module.Ecr_repo.aws_ecr_repository.satyam_project",
            "module.Lambda_function.aws_lambda_function.satyam_lambda_function",
            "module.api_gateway.aws_api_gateway_method.employee_method",
            "module.api_gateway.aws_api_gateway_resource.employee",
            "module.api_gateway.aws_api_gateway_rest_api.EmployeeInfo",
            "module.lambda_role.aws_iam_role.satyam_lambda_execution_role"
          ]
        },
        {
          "index_key": 1,
          "schema_version": 0,
          "attributes": {
            "action": "lambda:InvokeFunction",
            "event_source_token": null,
            "function_name": "arn:aws:lambda:ap-south-1:637423557273:function:satyam_lambda_function",
            "function_url_auth_type": null,
            "id": "AllowExecutionFromAPIGateway_employee_1",
            "principal": "apigateway.amazonaws.com",
            "principal_org_id": null,
            "qualifier": "",
            "source_account": null,
            "source_arn": "arn:aws:execute-api:ap-south-1:637423557273:cc3pfgvwo6/*/POST/employee",
            "statement_id": "AllowExecutionFromAPIGateway_employee_1",
            "statement_id_prefix": ""
          },
          "sensitive_attributes": [],
          "private": "bnVsbA==",
          "dependencies": [
            "module.Ecr_repo.aws_ecr_repository.satyam_project",
            "module.Lambda_function.aws_lambda_function.satyam_lambda_function",
            "module.api_gateway.aws_api_gateway_method.employee_method",
            "module.api_gateway.aws_api_gateway_resource.employee",
            "module.api_gateway.aws_api_gateway_rest_api.EmployeeInfo",
            "module.lambda_role.aws_iam_role.satyam_lambda_execution_role"
          ]
        },
        {
          "index_key": 2,
          "schema_version": 0,
          "attributes": {
            "action": "lambda:InvokeFunction",
            "event_source_token": null,
            "function_name": "arn:aws:lambda:ap-south-1:637423557273:function:satyam_lambda_function",
            "function_url_auth_type": null,
            "id": "AllowExecutionFromAPIGateway_employee_2",
            "principal": "apigateway.amazonaws.com",
            "principal_org_id": null,
            "qualifier": "",
            "source_account": null,
            "source_arn": "arn:aws:execute-api:ap-south-1:637423557273:cc3pfgvwo6/*/DELETE/employee",
            "statement_id": "AllowExecutionFromAPIGateway_employee_2",
            "statement_id_prefix": ""
          },
          "sensitive_attributes": [],
          "private": "bnVsbA==",
          "dependencies": [
            "module.Ecr_repo.aws_ecr_repository.satyam_project",
            "module.Lambda_function.aws_lambda_function.satyam_lambda_function",
            "module.api_gateway.aws_api_gateway_method.employee_method",
            "module.api_gateway.aws_api_gateway_resource.employee",
            "module.api_gateway.aws_api_gateway_rest_api.EmployeeInfo",
            "module.lambda_role.aws_iam_role.satyam_lambda_execution_role"
          ]
        },
        {
          "index_key": 3,
          "schema_version": 0,
          "attributes": {
            "action": "lambda:InvokeFunction",
            "event_source_token": null,
            "function_name": "arn:aws:lambda:ap-south-1:637423557273:function:satyam_lambda_function",
            "function_url_auth_type": null,
            "id": "AllowExecutionFromAPIGateway_employee_3",
            "principal": "apigateway.amazonaws.com",
            "principal_org_id": null,
            "qualifier": "",
            "source_account": null,
            "source_arn": "arn:aws:execute-api:ap-south-1:637423557273:cc3pfgvwo6/*/PATCH/employee",
            "statement_id": "AllowExecutionFromAPIGateway_employee_3",
            "statement_id_prefix": ""
          },
          "sensitive_attributes": [],
          "private": "bnVsbA==",
          "dependencies": [
            "module.Ecr_repo.aws_ecr_repository.satyam_project",
            "module.Lambda_function.aws_lambda_function.satyam_lambda_function",
            "module.api_gateway.aws_api_gateway_method.employee_method",
            "module.api_gateway.aws_api_gateway_resource.employee",
            "module.api_gateway.aws_api_gateway_rest_api.EmployeeInfo",
            "module.lambda_role.aws_iam_role.satyam_lambda_execution_role"
          ]
        },
        {
          "index_key": 4,
          "schema_version": 0,
          "attributes": {
            "action": "lambda:InvokeFunction",
            "event_source_token": null,
            "function_name": "arn:aws:lambda:ap-south-1:637423557273:function:satyam_lambda_function",
            "function_url_auth_type": null,
            "id": "AllowExecutionFromAPIGateway_employee_4",
            "principal": "apigateway.amazonaws.com",
            "principal_org_id": null,
            "qualifier": "",
            "source_account": null,
            "source_arn": "arn:aws:execute-api:ap-south-1:637423557273:cc3pfgvwo6/*/PUT/employee",
            "statement_id": "AllowExecutionFromAPIGateway_employee_4",
            "statement_id_prefix": ""
          },
          "sensitive_attributes": [],
          "private": "bnVsbA==",
          "dependencies": [
            "module.Ecr_repo.aws_ecr_repository.satyam_project",
            "module.Lambda_function.aws_lambda_function.satyam_lambda_function",
            "module.api_gateway.aws_api_gateway_method.employee_method",
            "module.api_gateway.aws_api_gateway_resource.employee",
            "module.api_gateway.aws_api_gateway_rest_api.EmployeeInfo",
            "module.lambda_role.aws_iam_role.satyam_lambda_execution_role"
          ]
        }
      ]
    },
    {
      "module": "module.api_gateway",
      "mode": "managed",
      "type": "aws_lambda_permission",
      "name": "apigw_lambda3",
      "provider": "provider[\"registry.terraform.io/hashicorp/aws\"]",
      "instances": [
        {
          "index_key": 0,
          "schema_version": 0,
          "attributes": {
            "action": "lambda:InvokeFunction",
            "event_source_token": null,
            "function_name": "arn:aws:lambda:ap-south-1:637423557273:function:satyam_lambda_function",
            "function_url_auth_type": null,
            "id": "AllowExecutionFromAPIGateway_employees_0",
            "principal": "apigateway.amazonaws.com",
            "principal_org_id": null,
            "qualifier": "",
            "source_account": null,
            "source_arn": "arn:aws:execute-api:ap-south-1:637423557273:cc3pfgvwo6/*/GET/employees",
            "statement_id": "AllowExecutionFromAPIGateway_employees_0",
            "statement_id_prefix": ""
          },
          "sensitive_attributes": [],
          "private": "bnVsbA==",
          "dependencies": [
            "module.Ecr_repo.aws_ecr_repository.satyam_project",
            "module.Lambda_function.aws_lambda_function.satyam_lambda_function",
            "module.api_gateway.aws_api_gateway_method.employees_method",
            "module.api_gateway.aws_api_gateway_resource.employees_resource",
            "module.api_gateway.aws_api_gateway_rest_api.EmployeeInfo",
            "module.lambda_role.aws_iam_role.satyam_lambda_execution_role"
          ]
        }
      ]
    },
    {
      "module": "module.dynamoDB_table",
      "mode": "managed",
      "type": "aws_dynamodb_table",
      "name": "employee_infos",
      "provider": "provider[\"registry.terraform.io/hashicorp/aws\"]",
      "instances": [
        {
          "schema_version": 1,
          "attributes": {
            "arn": "arn:aws:dynamodb:ap-south-1:637423557273:table/employee_infos",
            "attribute": [
              {
                "name": "employeeid",
                "type": "S"
              }
            ],
            "billing_mode": "PAY_PER_REQUEST",
            "deletion_protection_enabled": false,
            "global_secondary_index": [],
            "hash_key": "employeeid",
            "id": "employee_infos",
            "import_table": [],
            "local_secondary_index": [],
            "name": "employee_infos",
            "point_in_time_recovery": [
              {
                "enabled": false
              }
            ],
            "range_key": null,
            "read_capacity": 0,
            "replica": [],
            "restore_date_time": null,
            "restore_source_name": null,
            "restore_to_latest_time": null,
            "server_side_encryption": [],
            "stream_arn": "",
            "stream_enabled": false,
            "stream_label": "",
            "stream_view_type": "",
            "table_class": "STANDARD",
            "tags": {},
            "tags_all": {},
            "timeouts": null,
            "ttl": [
              {
                "attribute_name": "",
                "enabled": false
              }
            ],
            "write_capacity": 0
          },
          "sensitive_attributes": [],
          "private": "eyJlMmJmYjczMC1lY2FhLTExZTYtOGY4OC0zNDM2M2JjN2M0YzAiOnsiY3JlYXRlIjoxODAwMDAwMDAwMDAwLCJkZWxldGUiOjYwMDAwMDAwMDAwMCwidXBkYXRlIjozNjAwMDAwMDAwMDAwfSwic2NoZW1hX3ZlcnNpb24iOiIxIn0="
        }
      ]
    },
    {
      "module": "module.lambda_role",
      "mode": "managed",
      "type": "aws_iam_policy",
      "name": "satyam_DynamoDb_access_policy",
      "provider": "provider[\"registry.terraform.io/hashicorp/aws\"]",
      "instances": [
        {
          "schema_version": 0,
          "attributes": {
            "arn": "arn:aws:iam::637423557273:policy/satyam_DynamoDb_access_policy",
            "description": "Policy for granting Lambda access to DyanmoDb Table",
            "id": "arn:aws:iam::637423557273:policy/satyam_DynamoDb_access_policy",
            "name": "satyam_DynamoDb_access_policy",
            "name_prefix": "",
            "path": "/",
            "policy": "{\"Statement\":[{\"Action\":[\"dynamodb:*\"],\"Effect\":\"Allow\",\"Resource\":\"*\"}],\"Version\":\"2012-10-17\"}",
            "policy_id": "ANPAZI2LHTKMTP6372VBR",
            "tags": {},
            "tags_all": {}
          },
          "sensitive_attributes": [],
          "private": "bnVsbA=="
        }
      ]
    },
    {
      "module": "module.lambda_role",
      "mode": "managed",
      "type": "aws_iam_policy",
      "name": "satyam_cloudwatch_logs_policy",
      "provider": "provider[\"registry.terraform.io/hashicorp/aws\"]",
      "instances": [
        {
          "schema_version": 0,
          "attributes": {
            "arn": "arn:aws:iam::637423557273:policy/satyam_cloudwatch_logs_policy",
            "description": "Allows Lambda function to have full access to CloudWatch Logs",
            "id": "arn:aws:iam::637423557273:policy/satyam_cloudwatch_logs_policy",
            "name": "satyam_cloudwatch_logs_policy",
            "name_prefix": "",
            "path": "/",
            "policy": "{\"Statement\":[{\"Action\":\"logs:*\",\"Effect\":\"Allow\",\"Resource\":\"*\"}],\"Version\":\"2012-10-17\"}",
            "policy_id": "ANPAZI2LHTKMUVXLEJXA2",
            "tags": {},
            "tags_all": {}
          },
          "sensitive_attributes": [],
          "private": "bnVsbA=="
        }
      ]
    },
    {
      "module": "module.lambda_role",
      "mode": "managed",
      "type": "aws_iam_policy",
      "name": "satyam_lambda_ecr_access_policy",
      "provider": "provider[\"registry.terraform.io/hashicorp/aws\"]",
      "instances": [
        {
          "schema_version": 0,
          "attributes": {
            "arn": "arn:aws:iam::637423557273:policy/satyam_lambda_ecr_access_policy",
            "description": "Policy for granting Lambda access to ECR repositories",
            "id": "arn:aws:iam::637423557273:policy/satyam_lambda_ecr_access_policy",
            "name": "satyam_lambda_ecr_access_policy",
            "name_prefix": "",
            "path": "/",
            "policy": "{\"Statement\":[{\"Action\":[\"ecr:GetAuthorizationToken\",\"ecr:BatchCheckLayerAvailability\",\"ecr:GetDownloadUrlForLayer\",\"ecr:GetRepositoryPolicy\",\"ecr:DescribeRepositories\",\"ecr:ListImages\",\"ecr:DescribeImages\",\"ecr:BatchGetImage\"],\"Effect\":\"Allow\",\"Resource\":\"*\"}],\"Version\":\"2012-10-17\"}",
            "policy_id": "ANPAZI2LHTKMXOZ76FXTW",
            "tags": {},
            "tags_all": {}
          },
          "sensitive_attributes": [],
          "private": "bnVsbA=="
        }
      ]
    },
    {
      "module": "module.lambda_role",
      "mode": "managed",
      "type": "aws_iam_role",
      "name": "satyam_lambda_execution_role",
      "provider": "provider[\"registry.terraform.io/hashicorp/aws\"]",
      "instances": [
        {
          "schema_version": 0,
          "attributes": {
            "arn": "arn:aws:iam::637423557273:role/satyam_lambda_execution_role",
            "assume_role_policy": "{\"Statement\":[{\"Action\":\"sts:AssumeRole\",\"Effect\":\"Allow\",\"Principal\":{\"Service\":\"lambda.amazonaws.com\"}}],\"Version\":\"2012-10-17\"}",
            "create_date": "2024-04-01T15:55:54Z",
            "description": "",
            "force_detach_policies": false,
            "id": "satyam_lambda_execution_role",
            "inline_policy": [],
            "managed_policy_arns": [
              "arn:aws:iam::637423557273:policy/satyam_DynamoDb_access_policy",
              "arn:aws:iam::637423557273:policy/satyam_cloudwatch_logs_policy",
              "arn:aws:iam::637423557273:policy/satyam_lambda_ecr_access_policy"
            ],
            "max_session_duration": 3600,
            "name": "satyam_lambda_execution_role",
            "name_prefix": "",
            "path": "/",
            "permissions_boundary": "",
            "tags": {},
            "tags_all": {},
            "unique_id": "AROAZI2LHTKMSWASRPOK4"
          },
          "sensitive_attributes": [],
          "private": "bnVsbA==",
          "create_before_destroy": true
        }
      ]
    },
    {
      "module": "module.lambda_role",
      "mode": "managed",
      "type": "aws_iam_role_policy_attachment",
      "name": "CloudWatch_access_attachment",
      "provider": "provider[\"registry.terraform.io/hashicorp/aws\"]",
      "instances": [
        {
          "schema_version": 0,
          "attributes": {
            "id": "satyam_lambda_execution_role-20240401155746202600000002",
            "policy_arn": "arn:aws:iam::637423557273:policy/satyam_cloudwatch_logs_policy",
            "role": "satyam_lambda_execution_role"
          },
          "sensitive_attributes": [],
          "private": "bnVsbA==",
          "dependencies": [
            "module.lambda_role.aws_iam_policy.satyam_cloudwatch_logs_policy",
            "module.lambda_role.aws_iam_role.satyam_lambda_execution_role"
          ]
        }
      ]
    },
    {
      "module": "module.lambda_role",
      "mode": "managed",
      "type": "aws_iam_role_policy_attachment",
      "name": "DyanmoDb_access_attachment",
      "provider": "provider[\"registry.terraform.io/hashicorp/aws\"]",
      "instances": [
        {
          "schema_version": 0,
          "attributes": {
            "id": "satyam_lambda_execution_role-20240401155746210300000003",
            "policy_arn": "arn:aws:iam::637423557273:policy/satyam_DynamoDb_access_policy",
            "role": "satyam_lambda_execution_role"
          },
          "sensitive_attributes": [],
          "private": "bnVsbA==",
          "dependencies": [
            "module.lambda_role.aws_iam_policy.satyam_DynamoDb_access_policy",
            "module.lambda_role.aws_iam_role.satyam_lambda_execution_role"
          ]
        }
      ]
    },
    {
      "module": "module.lambda_role",
      "mode": "managed",
      "type": "aws_iam_role_policy_attachment",
      "name": "lambda_ecr_access_attachment",
      "provider": "provider[\"registry.terraform.io/hashicorp/aws\"]",
      "instances": [
        {
          "schema_version": 0,
          "attributes": {
            "id": "satyam_lambda_execution_role-20240401155746152600000001",
            "policy_arn": "arn:aws:iam::637423557273:policy/satyam_lambda_ecr_access_policy",
            "role": "satyam_lambda_execution_role"
          },
          "sensitive_attributes": [],
          "private": "bnVsbA==",
          "dependencies": [
            "module.lambda_role.aws_iam_policy.satyam_lambda_ecr_access_policy",
            "module.lambda_role.aws_iam_role.satyam_lambda_execution_role"
          ]
        }
      ]
    }
  ],
  "check_results": null
}
