{
  "version": 4,
  "terraform_version": "1.7.5",
  "serial": 75,
  "lineage": "e288a415-2ce0-a1ff-aa28-d53057a5ab0a",
  "outputs": {},
  "resources": [
    {
      "module": "module.api_gateway",
      "mode": "managed",
      "type": "aws_api_gateway_method",
      "name": "employee_method",
      "provider": "provider[\"registry.terraform.io/hashicorp/aws\"]",
      "instances": [
        {
          "index_key": 0,
          "schema_version": 0,
          "attributes": {
            "api_key_required": false,
            "authorization": "NONE",
            "authorization_scopes": null,
            "authorizer_id": null,
            "http_method": "GET",
            "id": "agm-qnuo81zlo8-qwyp8y-GET",
            "operation_name": null,
            "request_models": null,
            "request_parameters": null,
            "request_validator_id": null,
            "resource_id": "qwyp8y",
            "rest_api_id": "qnuo81zlo8"
          },
          "sensitive_attributes": [],
          "private": "bnVsbA==",
          "dependencies": [
            "module.api_gateway.aws_api_gateway_resource.employee",
            "module.api_gateway.aws_api_gateway_rest_api.EmployeeInfo"
          ],
          "create_before_destroy": true
        },
        {
          "index_key": 1,
          "schema_version": 0,
          "attributes": {
            "api_key_required": false,
            "authorization": "NONE",
            "authorization_scopes": null,
            "authorizer_id": null,
            "http_method": "POST",
            "id": "agm-qnuo81zlo8-qwyp8y-POST",
            "operation_name": null,
            "request_models": null,
            "request_parameters": null,
            "request_validator_id": null,
            "resource_id": "qwyp8y",
            "rest_api_id": "qnuo81zlo8"
          },
          "sensitive_attributes": [],
          "private": "bnVsbA==",
          "dependencies": [
            "module.api_gateway.aws_api_gateway_resource.employee",
            "module.api_gateway.aws_api_gateway_rest_api.EmployeeInfo"
          ],
          "create_before_destroy": true
        },
        {
          "index_key": 2,
          "schema_version": 0,
          "attributes": {
            "api_key_required": false,
            "authorization": "NONE",
            "authorization_scopes": null,
            "authorizer_id": null,
            "http_method": "DELETE",
            "id": "agm-qnuo81zlo8-qwyp8y-DELETE",
            "operation_name": null,
            "request_models": null,
            "request_parameters": null,
            "request_validator_id": null,
            "resource_id": "qwyp8y",
            "rest_api_id": "qnuo81zlo8"
          },
          "sensitive_attributes": [],
          "private": "bnVsbA==",
          "dependencies": [
            "module.api_gateway.aws_api_gateway_resource.employee",
            "module.api_gateway.aws_api_gateway_rest_api.EmployeeInfo"
          ],
          "create_before_destroy": true
        },
        {
          "index_key": 3,
          "schema_version": 0,
          "attributes": {
            "api_key_required": false,
            "authorization": "NONE",
            "authorization_scopes": null,
            "authorizer_id": null,
            "http_method": "PATCH",
            "id": "agm-qnuo81zlo8-qwyp8y-PATCH",
            "operation_name": null,
            "request_models": null,
            "request_parameters": null,
            "request_validator_id": null,
            "resource_id": "qwyp8y",
            "rest_api_id": "qnuo81zlo8"
          },
          "sensitive_attributes": [],
          "private": "bnVsbA==",
          "dependencies": [
            "module.api_gateway.aws_api_gateway_resource.employee",
            "module.api_gateway.aws_api_gateway_rest_api.EmployeeInfo"
          ],
          "create_before_destroy": true
        },
        {
          "index_key": 4,
          "schema_version": 0,
          "attributes": {
            "api_key_required": false,
            "authorization": "NONE",
            "authorization_scopes": null,
            "authorizer_id": null,
            "http_method": "PUT",
            "id": "agm-qnuo81zlo8-qwyp8y-PUT",
            "operation_name": null,
            "request_models": null,
            "request_parameters": null,
            "request_validator_id": null,
            "resource_id": "qwyp8y",
            "rest_api_id": "qnuo81zlo8"
          },
          "sensitive_attributes": [],
          "private": "bnVsbA==",
          "dependencies": [
            "module.api_gateway.aws_api_gateway_resource.employee",
            "module.api_gateway.aws_api_gateway_rest_api.EmployeeInfo"
          ],
          "create_before_destroy": true
        }
      ]
    },
    {
      "module": "module.api_gateway",
      "mode": "managed",
      "type": "aws_api_gateway_method",
      "name": "employees_method",
      "provider": "provider[\"registry.terraform.io/hashicorp/aws\"]",
      "instances": [
        {
          "index_key": 0,
          "schema_version": 0,
          "attributes": {
            "api_key_required": false,
            "authorization": "NONE",
            "authorization_scopes": null,
            "authorizer_id": null,
            "http_method": "GET",
            "id": "agm-qnuo81zlo8-plajis-GET",
            "operation_name": null,
            "request_models": null,
            "request_parameters": null,
            "request_validator_id": null,
            "resource_id": "plajis",
            "rest_api_id": "qnuo81zlo8"
          },
          "sensitive_attributes": [],
          "private": "bnVsbA==",
          "dependencies": [
            "module.api_gateway.aws_api_gateway_resource.employees_resource",
            "module.api_gateway.aws_api_gateway_rest_api.EmployeeInfo"
          ],
          "create_before_destroy": true
        }
      ]
    },
    {
      "module": "module.api_gateway",
      "mode": "managed",
      "type": "aws_api_gateway_method",
      "name": "status_method",
      "provider": "provider[\"registry.terraform.io/hashicorp/aws\"]",
      "instances": [
        {
          "index_key": 0,
          "schema_version": 0,
          "attributes": {
            "api_key_required": false,
            "authorization": "NONE",
            "authorization_scopes": null,
            "authorizer_id": null,
            "http_method": "GET",
            "id": "agm-qnuo81zlo8-z0ged7-GET",
            "operation_name": null,
            "request_models": null,
            "request_parameters": null,
            "request_validator_id": null,
            "resource_id": "z0ged7",
            "rest_api_id": "qnuo81zlo8"
          },
          "sensitive_attributes": [],
          "private": "bnVsbA==",
          "dependencies": [
            "module.api_gateway.aws_api_gateway_resource.status",
            "module.api_gateway.aws_api_gateway_rest_api.EmployeeInfo"
          ],
          "create_before_destroy": true
        },
        {
          "index_key": 1,
          "schema_version": 0,
          "attributes": {
            "api_key_required": false,
            "authorization": "NONE",
            "authorization_scopes": null,
            "authorizer_id": null,
            "http_method": "POST",
            "id": "agm-qnuo81zlo8-z0ged7-POST",
            "operation_name": null,
            "request_models": null,
            "request_parameters": null,
            "request_validator_id": null,
            "resource_id": "z0ged7",
            "rest_api_id": "qnuo81zlo8"
          },
          "sensitive_attributes": [],
          "private": "bnVsbA==",
          "dependencies": [
            "module.api_gateway.aws_api_gateway_resource.status",
            "module.api_gateway.aws_api_gateway_rest_api.EmployeeInfo"
          ],
          "create_before_destroy": true
        }
      ]
    },
    {
      "module": "module.api_gateway",
      "mode": "managed",
      "type": "aws_api_gateway_method_response",
      "name": "method_response_employee",
      "provider": "provider[\"registry.terraform.io/hashicorp/aws\"]",
      "instances": [
        {
          "index_key": 0,
          "schema_version": 0,
          "attributes": {
            "http_method": "GET",
            "id": "agmr-qnuo81zlo8-qwyp8y-GET-200",
            "resource_id": "qwyp8y",
            "response_models": null,
            "response_parameters": {
              "method.response.header.Access-Control-Allow-Origin": true
            },
            "rest_api_id": "qnuo81zlo8",
            "status_code": "200"
          },
          "sensitive_attributes": [],
          "private": "bnVsbA==",
          "dependencies": [
            "module.api_gateway.aws_api_gateway_method.employee_method",
            "module.api_gateway.aws_api_gateway_resource.employee",
            "module.api_gateway.aws_api_gateway_rest_api.EmployeeInfo"
          ]
        },
        {
          "index_key": 1,
          "schema_version": 0,
          "attributes": {
            "http_method": "POST",
            "id": "agmr-qnuo81zlo8-qwyp8y-POST-200",
            "resource_id": "qwyp8y",
            "response_models": null,
            "response_parameters": {
              "method.response.header.Access-Control-Allow-Origin": true
            },
            "rest_api_id": "qnuo81zlo8",
            "status_code": "200"
          },
          "sensitive_attributes": [],
          "private": "bnVsbA==",
          "dependencies": [
            "module.api_gateway.aws_api_gateway_method.employee_method",
            "module.api_gateway.aws_api_gateway_resource.employee",
            "module.api_gateway.aws_api_gateway_rest_api.EmployeeInfo"
          ]
        },
        {
          "index_key": 2,
          "schema_version": 0,
          "attributes": {
            "http_method": "DELETE",
            "id": "agmr-qnuo81zlo8-qwyp8y-DELETE-200",
            "resource_id": "qwyp8y",
            "response_models": null,
            "response_parameters": {
              "method.response.header.Access-Control-Allow-Origin": true
            },
            "rest_api_id": "qnuo81zlo8",
            "status_code": "200"
          },
          "sensitive_attributes": [],
          "private": "bnVsbA==",
          "dependencies": [
            "module.api_gateway.aws_api_gateway_method.employee_method",
            "module.api_gateway.aws_api_gateway_resource.employee",
            "module.api_gateway.aws_api_gateway_rest_api.EmployeeInfo"
          ]
        },
        {
          "index_key": 3,
          "schema_version": 0,
          "attributes": {
            "http_method": "PATCH",
            "id": "agmr-qnuo81zlo8-qwyp8y-PATCH-200",
            "resource_id": "qwyp8y",
            "response_models": null,
            "response_parameters": {
              "method.response.header.Access-Control-Allow-Origin": true
            },
            "rest_api_id": "qnuo81zlo8",
            "status_code": "200"
          },
          "sensitive_attributes": [],
          "private": "bnVsbA==",
          "dependencies": [
            "module.api_gateway.aws_api_gateway_method.employee_method",
            "module.api_gateway.aws_api_gateway_resource.employee",
            "module.api_gateway.aws_api_gateway_rest_api.EmployeeInfo"
          ]
        },
        {
          "index_key": 4,
          "schema_version": 0,
          "attributes": {
            "http_method": "PUT",
            "id": "agmr-qnuo81zlo8-qwyp8y-PUT-200",
            "resource_id": "qwyp8y",
            "response_models": null,
            "response_parameters": {
              "method.response.header.Access-Control-Allow-Origin": true
            },
            "rest_api_id": "qnuo81zlo8",
            "status_code": "200"
          },
          "sensitive_attributes": [],
          "private": "bnVsbA==",
          "dependencies": [
            "module.api_gateway.aws_api_gateway_method.employee_method",
            "module.api_gateway.aws_api_gateway_resource.employee",
            "module.api_gateway.aws_api_gateway_rest_api.EmployeeInfo"
          ]
        }
      ]
    },
    {
      "module": "module.api_gateway",
      "mode": "managed",
      "type": "aws_api_gateway_method_response",
      "name": "method_response_employees",
      "provider": "provider[\"registry.terraform.io/hashicorp/aws\"]",
      "instances": [
        {
          "index_key": 0,
          "schema_version": 0,
          "attributes": {
            "http_method": "GET",
            "id": "agmr-qnuo81zlo8-plajis-GET-200",
            "resource_id": "plajis",
            "response_models": null,
            "response_parameters": {
              "method.response.header.Access-Control-Allow-Origin": true
            },
            "rest_api_id": "qnuo81zlo8",
            "status_code": "200"
          },
          "sensitive_attributes": [],
          "private": "bnVsbA==",
          "dependencies": [
            "module.api_gateway.aws_api_gateway_method.employees_method",
            "module.api_gateway.aws_api_gateway_resource.employees_resource",
            "module.api_gateway.aws_api_gateway_rest_api.EmployeeInfo"
          ]
        }
      ]
    },
    {
      "module": "module.api_gateway",
      "mode": "managed",
      "type": "aws_api_gateway_method_response",
      "name": "method_response_status",
      "provider": "provider[\"registry.terraform.io/hashicorp/aws\"]",
      "instances": [
        {
          "index_key": 0,
          "schema_version": 0,
          "attributes": {
            "http_method": "GET",
            "id": "agmr-qnuo81zlo8-z0ged7-GET-200",
            "resource_id": "z0ged7",
            "response_models": null,
            "response_parameters": {
              "method.response.header.Access-Control-Allow-Origin": true
            },
            "rest_api_id": "qnuo81zlo8",
            "status_code": "200"
          },
          "sensitive_attributes": [],
          "private": "bnVsbA==",
          "dependencies": [
            "module.api_gateway.aws_api_gateway_method.status_method",
            "module.api_gateway.aws_api_gateway_resource.status",
            "module.api_gateway.aws_api_gateway_rest_api.EmployeeInfo"
          ]
        },
        {
          "index_key": 1,
          "schema_version": 0,
          "attributes": {
            "http_method": "POST",
            "id": "agmr-qnuo81zlo8-z0ged7-POST-200",
            "resource_id": "z0ged7",
            "response_models": null,
            "response_parameters": {
              "method.response.header.Access-Control-Allow-Origin": true
            },
            "rest_api_id": "qnuo81zlo8",
            "status_code": "200"
          },
          "sensitive_attributes": [],
          "private": "bnVsbA==",
          "dependencies": [
            "module.api_gateway.aws_api_gateway_method.status_method",
            "module.api_gateway.aws_api_gateway_resource.status",
            "module.api_gateway.aws_api_gateway_rest_api.EmployeeInfo"
          ]
        }
      ]
    },
    {
      "module": "module.api_gateway",
      "mode": "managed",
      "type": "aws_api_gateway_resource",
      "name": "employee",
      "provider": "provider[\"registry.terraform.io/hashicorp/aws\"]",
      "instances": [
        {
          "schema_version": 0,
          "attributes": {
            "id": "qwyp8y",
            "parent_id": "egnq1e4xd0",
            "path": "/employee",
            "path_part": "employee",
            "rest_api_id": "qnuo81zlo8"
          },
          "sensitive_attributes": [],
          "private": "bnVsbA==",
          "dependencies": [
            "module.api_gateway.aws_api_gateway_rest_api.EmployeeInfo"
          ],
          "create_before_destroy": true
        }
      ]
    },
    {
      "module": "module.api_gateway",
      "mode": "managed",
      "type": "aws_api_gateway_resource",
      "name": "employees_resource",
      "provider": "provider[\"registry.terraform.io/hashicorp/aws\"]",
      "instances": [
        {
          "schema_version": 0,
          "attributes": {
            "id": "plajis",
            "parent_id": "egnq1e4xd0",
            "path": "/employees",
            "path_part": "employees",
            "rest_api_id": "qnuo81zlo8"
          },
          "sensitive_attributes": [],
          "private": "bnVsbA==",
          "dependencies": [
            "module.api_gateway.aws_api_gateway_rest_api.EmployeeInfo"
          ],
          "create_before_destroy": true
        }
      ]
    },
    {
      "module": "module.api_gateway",
      "mode": "managed",
      "type": "aws_api_gateway_resource",
      "name": "status",
      "provider": "provider[\"registry.terraform.io/hashicorp/aws\"]",
      "instances": [
        {
          "schema_version": 0,
          "attributes": {
            "id": "z0ged7",
            "parent_id": "egnq1e4xd0",
            "path": "/status",
            "path_part": "status",
            "rest_api_id": "qnuo81zlo8"
          },
          "sensitive_attributes": [],
          "private": "bnVsbA==",
          "dependencies": [
            "module.api_gateway.aws_api_gateway_rest_api.EmployeeInfo"
          ],
          "create_before_destroy": true
        }
      ]
    },
    {
      "module": "module.api_gateway",
      "mode": "managed",
      "type": "aws_api_gateway_rest_api",
      "name": "EmployeeInfo",
      "provider": "provider[\"registry.terraform.io/hashicorp/aws\"]",
      "instances": [
        {
          "schema_version": 0,
          "attributes": {
            "api_key_source": "HEADER",
            "arn": "arn:aws:apigateway:ap-south-1::/restapis/qnuo81zlo8",
            "binary_media_types": [],
            "body": null,
            "created_date": "2024-04-03T11:38:54Z",
            "description": "",
            "disable_execute_api_endpoint": false,
            "endpoint_configuration": [
              {
                "types": [
                  "EDGE"
                ],
                "vpc_endpoint_ids": []
              }
            ],
            "execution_arn": "arn:aws:execute-api:ap-south-1:637423557273:qnuo81zlo8",
            "fail_on_warnings": null,
            "id": "qnuo81zlo8",
            "minimum_compression_size": "",
            "name": "EmployeeInfo",
            "parameters": null,
            "policy": "",
            "put_rest_api_mode": null,
            "root_resource_id": "egnq1e4xd0",
            "tags": null,
            "tags_all": {}
          },
          "sensitive_attributes": [],
          "private": "bnVsbA==",
          "create_before_destroy": true
        }
      ]
    }
  ],
  "check_results": null
}
